// !$*UTF8*$!
{
	archiveVersion = 1;
	classes = {
	};
	objectVersion = 50;
	objects = {

/* Begin PBXBuildFile section */
		04182C8E210FFD84001EA39F /* OrderListVC.swift in Sources */ = {isa = PBXBuildFile; fileRef = 04182C8D210FFD84001EA39F /* OrderListVC.swift */; };
		043DD8E4210DA087009B89C2 /* Highcharts.framework in Frameworks */ = {isa = PBXBuildFile; fileRef = 043DD8E2210DA078009B89C2 /* Highcharts.framework */; };
		043DD8E5210DA087009B89C2 /* Highcharts.framework in Embed Frameworks */ = {isa = PBXBuildFile; fileRef = 043DD8E2210DA078009B89C2 /* Highcharts.framework */; settings = {ATTRIBUTES = (CodeSignOnCopy, RemoveHeadersOnCopy, ); }; };
		043DD8EC210DBFAA009B89C2 /* KxMenu.m in Sources */ = {isa = PBXBuildFile; fileRef = 043DD8EA210DBFAA009B89C2 /* KxMenu.m */; };
		043DD8EF210DE88C009B89C2 /* TopSaleVC.swift in Sources */ = {isa = PBXBuildFile; fileRef = 043DD8EE210DE88C009B89C2 /* TopSaleVC.swift */; };
		043DD8F1210DE8D5009B89C2 /* TopSaleCell.swift in Sources */ = {isa = PBXBuildFile; fileRef = 043DD8F0210DE8D5009B89C2 /* TopSaleCell.swift */; };
		04C8F98C210956E6005DD9F2 /* AppDelegate.swift in Sources */ = {isa = PBXBuildFile; fileRef = 04C8F98B210956E6005DD9F2 /* AppDelegate.swift */; };
		04C8F991210956E6005DD9F2 /* Main.storyboard in Resources */ = {isa = PBXBuildFile; fileRef = 04C8F98F210956E6005DD9F2 /* Main.storyboard */; };
		04C8F993210956E8005DD9F2 /* Assets.xcassets in Resources */ = {isa = PBXBuildFile; fileRef = 04C8F992210956E8005DD9F2 /* Assets.xcassets */; };
		04C8F996210956E8005DD9F2 /* LaunchScreen.storyboard in Resources */ = {isa = PBXBuildFile; fileRef = 04C8F994210956E8005DD9F2 /* LaunchScreen.storyboard */; };
		04C8F9A1210956E8005DD9F2 /* FoodyPOSTests.swift in Sources */ = {isa = PBXBuildFile; fileRef = 04C8F9A0210956E8005DD9F2 /* FoodyPOSTests.swift */; };
		04C8F9AC210956E8005DD9F2 /* FoodyPOSUITests.swift in Sources */ = {isa = PBXBuildFile; fileRef = 04C8F9AB210956E8005DD9F2 /* FoodyPOSUITests.swift */; };
		04C8F9C0210957A9005DD9F2 /* StoryboardConstant.swift in Sources */ = {isa = PBXBuildFile; fileRef = 04C8F9BD210957A8005DD9F2 /* StoryboardConstant.swift */; };
		04C8F9C1210957A9005DD9F2 /* DesignTextField.swift in Sources */ = {isa = PBXBuildFile; fileRef = 04C8F9BE210957A9005DD9F2 /* DesignTextField.swift */; };
		04C8F9E421095D11005DD9F2 /* UIView.swift in Sources */ = {isa = PBXBuildFile; fileRef = 04C8F9E321095D11005DD9F2 /* UIView.swift */; };
		04E84D81210C109600537500 /* ARSInfiniteLoader.swift in Sources */ = {isa = PBXBuildFile; fileRef = 04E84D71210C109600537500 /* ARSInfiniteLoader.swift */; };
		04E84D82210C109600537500 /* ARSLineProgress.swift in Sources */ = {isa = PBXBuildFile; fileRef = 04E84D72210C109600537500 /* ARSLineProgress.swift */; };
		04E84D83210C109600537500 /* ARSLineProgressConstants.swift in Sources */ = {isa = PBXBuildFile; fileRef = 04E84D73210C109600537500 /* ARSLineProgressConstants.swift */; };
		04E84D84210C109600537500 /* ARSLineProgressCustomization.swift in Sources */ = {isa = PBXBuildFile; fileRef = 04E84D74210C109600537500 /* ARSLineProgressCustomization.swift */; };
		04E84D85210C109600537500 /* ARSLineProgressExtensions.swift in Sources */ = {isa = PBXBuildFile; fileRef = 04E84D75210C109600537500 /* ARSLineProgressExtensions.swift */; };
		04E84D86210C109600537500 /* ARSLineProgressHelpers.swift in Sources */ = {isa = PBXBuildFile; fileRef = 04E84D76210C109600537500 /* ARSLineProgressHelpers.swift */; };
		04E84D87210C109600537500 /* ARSLineProgressProtocols.swift in Sources */ = {isa = PBXBuildFile; fileRef = 04E84D77210C109600537500 /* ARSLineProgressProtocols.swift */; };
		04E84D88210C109600537500 /* ARSLineProgressTypeAliases.swift in Sources */ = {isa = PBXBuildFile; fileRef = 04E84D78210C109600537500 /* ARSLineProgressTypeAliases.swift */; };
		04E84D89210C109600537500 /* ARSProgressLoader.swift in Sources */ = {isa = PBXBuildFile; fileRef = 04E84D79210C109600537500 /* ARSProgressLoader.swift */; };
		04E84D8A210C109600537500 /* ARSStatus.swift in Sources */ = {isa = PBXBuildFile; fileRef = 04E84D7A210C109600537500 /* ARSStatus.swift */; };
		04E84D8B210C109600537500 /* TPKeyboardAvoidingScrollView.m in Sources */ = {isa = PBXBuildFile; fileRef = 04E84D7E210C109600537500 /* TPKeyboardAvoidingScrollView.m */; };
		04E84D8C210C109600537500 /* UIScrollView+TPKeyboardAvoidingAdditions.m in Sources */ = {isa = PBXBuildFile; fileRef = 04E84D80210C109600537500 /* UIScrollView+TPKeyboardAvoidingAdditions.m */; };
		04E84D8E210C119300537500 /* LoginVC.swift in Sources */ = {isa = PBXBuildFile; fileRef = 04E84D8D210C119300537500 /* LoginVC.swift */; };
		04E84D93210C13A300537500 /* SignUpVC.swift in Sources */ = {isa = PBXBuildFile; fileRef = 04E84D92210C13A300537500 /* SignUpVC.swift */; };
		04E84D97210C26EF00537500 /* ForgotPasswordVC.swift in Sources */ = {isa = PBXBuildFile; fileRef = 04E84D96210C26EF00537500 /* ForgotPasswordVC.swift */; };
		04E84D99210C27A300537500 /* ChangePasswordVC.swift in Sources */ = {isa = PBXBuildFile; fileRef = 04E84D98210C27A300537500 /* ChangePasswordVC.swift */; };
		04E84DD3210CD87F00537500 /* UIColor.swift in Sources */ = {isa = PBXBuildFile; fileRef = 04E84DD2210CD87F00537500 /* UIColor.swift */; };
		04E84DD5210CE3A400537500 /* DashboardCell.swift in Sources */ = {isa = PBXBuildFile; fileRef = 04E84DD4210CE3A400537500 /* DashboardCell.swift */; };
		04E84DD9210CE3DF00537500 /* DashboardVC.swift in Sources */ = {isa = PBXBuildFile; fileRef = 04E84DD8210CE3DF00537500 /* DashboardVC.swift */; };
		04E84DDB210CE7F200537500 /* Dashboard.swift in Sources */ = {isa = PBXBuildFile; fileRef = 04E84DDA210CE7F200537500 /* Dashboard.swift */; };
		04E84DDD210CF09000537500 /* LeftSlideMenu.swift in Sources */ = {isa = PBXBuildFile; fileRef = 04E84DDC210CF09000537500 /* LeftSlideMenu.swift */; };
		04E84DDF210CF0AE00537500 /* LeftMenuVC.swift in Sources */ = {isa = PBXBuildFile; fileRef = 04E84DDE210CF0AE00537500 /* LeftMenuVC.swift */; };
		04E84DE1210CF1E100537500 /* LeftMenuCell.swift in Sources */ = {isa = PBXBuildFile; fileRef = 04E84DE0210CF1E100537500 /* LeftMenuCell.swift */; };
		04E84DE3210CF34000537500 /* LeftMenu.swift in Sources */ = {isa = PBXBuildFile; fileRef = 04E84DE2210CF34000537500 /* LeftMenu.swift */; };
		2B045FB5211CA870000AE1A7 /* UserManager.swift in Sources */ = {isa = PBXBuildFile; fileRef = 2B045FB4211CA870000AE1A7 /* UserManager.swift */; };
		2B04691521A478F8002853AA /* CustomerDetail.swift in Sources */ = {isa = PBXBuildFile; fileRef = 2B04691421A478F8002853AA /* CustomerDetail.swift */; };
		2B04691721A47FF9002853AA /* CustomerDetailVC.swift in Sources */ = {isa = PBXBuildFile; fileRef = 2B04691621A47FF9002853AA /* CustomerDetailVC.swift */; };
		2B05FD3A2115606A00109889 /* Points in Resources */ = {isa = PBXBuildFile; fileRef = 2B05FD392115606A00109889 /* Points */; };
		2B08600B21A719990059BD29 /* AllBestSeller.swift in Sources */ = {isa = PBXBuildFile; fileRef = 2B08600A21A719990059BD29 /* AllBestSeller.swift */; };
		2B08600D21A724FF0059BD29 /* AllBestSellerVC.swift in Sources */ = {isa = PBXBuildFile; fileRef = 2B08600C21A724FF0059BD29 /* AllBestSellerVC.swift */; };
		2B08600F21A725490059BD29 /* AllBestSellerCell.swift in Sources */ = {isa = PBXBuildFile; fileRef = 2B08600E21A725490059BD29 /* AllBestSellerCell.swift */; };
		2B18BDA521283AEF004F5A3A /* AddEmployee.swift in Sources */ = {isa = PBXBuildFile; fileRef = 2B18BDA421283AEF004F5A3A /* AddEmployee.swift */; };
		2B3FDA492119390B0001F933 /* Employee.swift in Sources */ = {isa = PBXBuildFile; fileRef = 2B3FDA482119390B0001F933 /* Employee.swift */; };
		2B3FDA4B21193A970001F933 /* ForgotPassword.swift in Sources */ = {isa = PBXBuildFile; fileRef = 2B3FDA4A21193A970001F933 /* ForgotPassword.swift */; };
		2B42C3A12116A0B90086FDB6 /* EmployeeDetailCell.swift in Sources */ = {isa = PBXBuildFile; fileRef = 2B42C3A02116A0B90086FDB6 /* EmployeeDetailCell.swift */; };
		2B58EEF8212E6D2600FB7F30 /* ResetPasswordVC.swift in Sources */ = {isa = PBXBuildFile; fileRef = 2B58EEF7212E6D2600FB7F30 /* ResetPasswordVC.swift */; };
		2B58EEFA212E725100FB7F30 /* ResetPassword.swift in Sources */ = {isa = PBXBuildFile; fileRef = 2B58EEF9212E725100FB7F30 /* ResetPassword.swift */; };
		2B7A6F82213BF32D0031CB00 /* MBProgressHUD.m in Sources */ = {isa = PBXBuildFile; fileRef = 2B7A6F80213BF32D0031CB00 /* MBProgressHUD.m */; };
		2B931CE721157A9800927A0C /* DesignImageView.swift in Sources */ = {isa = PBXBuildFile; fileRef = 2B931CE321157A8600927A0C /* DesignImageView.swift */; };
		2B931CE821157A9800927A0C /* DesignView.swift in Sources */ = {isa = PBXBuildFile; fileRef = 2B931CE421157A9100927A0C /* DesignView.swift */; };
		2B931CE921157A9800927A0C /* DesignLabel.swift in Sources */ = {isa = PBXBuildFile; fileRef = 2B931CE521157A9500927A0C /* DesignLabel.swift */; };
		2B931CEA21157A9800927A0C /* DesignButton.swift in Sources */ = {isa = PBXBuildFile; fileRef = 2B931CE621157A9700927A0C /* DesignButton.swift */; };
		2B931CF421157F4E00927A0C /* SalesSellAllVC.swift in Sources */ = {isa = PBXBuildFile; fileRef = 2B931CF321157F4E00927A0C /* SalesSellAllVC.swift */; };
		2B931CF6211583B200927A0C /* BestSellerVC.swift in Sources */ = {isa = PBXBuildFile; fileRef = 2B931CF5211583B200927A0C /* BestSellerVC.swift */; };
		2B931CF82115844F00927A0C /* BestSellerCell.swift in Sources */ = {isa = PBXBuildFile; fileRef = 2B931CF72115844F00927A0C /* BestSellerCell.swift */; };
		2B931CFA2115881100927A0C /* SalesReportVC.swift in Sources */ = {isa = PBXBuildFile; fileRef = 2B931CF92115881100927A0C /* SalesReportVC.swift */; };
		2B977463212DB20D00229095 /* .gitkeep in Resources */ = {isa = PBXBuildFile; fileRef = 2B977459212DB20C00229095 /* .gitkeep */; };
		2B977464212DB20D00229095 /* .gitkeep in Resources */ = {isa = PBXBuildFile; fileRef = 2B97745B212DB20C00229095 /* .gitkeep */; };
		2B977465212DB20D00229095 /* StringExtension.swift in Sources */ = {isa = PBXBuildFile; fileRef = 2B97745D212DB20C00229095 /* StringExtension.swift */; };
		2B977466212DB20D00229095 /* UIViewExtension.swift in Sources */ = {isa = PBXBuildFile; fileRef = 2B97745E212DB20D00229095 /* UIViewExtension.swift */; };
		2B977467212DB20D00229095 /* KWTextFieldView.swift in Sources */ = {isa = PBXBuildFile; fileRef = 2B97745F212DB20D00229095 /* KWTextFieldView.swift */; };
		2B977468212DB20D00229095 /* KWTextFieldView.xib in Resources */ = {isa = PBXBuildFile; fileRef = 2B977460212DB20D00229095 /* KWTextFieldView.xib */; };
		2B977469212DB20D00229095 /* KWVerificationCodeView.swift in Sources */ = {isa = PBXBuildFile; fileRef = 2B977461212DB20D00229095 /* KWVerificationCodeView.swift */; };
		2B97746A212DB20D00229095 /* KWVerificationCodeView.xib in Resources */ = {isa = PBXBuildFile; fileRef = 2B977462212DB20D00229095 /* KWVerificationCodeView.xib */; };
		2B97746C212DB4A000229095 /* OtpVC.swift in Sources */ = {isa = PBXBuildFile; fileRef = 2B97746B212DB4A000229095 /* OtpVC.swift */; };
		2BA3A3A122C12AB2001E1AF2 /* LaunchScreen.xcassets in Resources */ = {isa = PBXBuildFile; fileRef = 2BA3A3A022C12AB2001E1AF2 /* LaunchScreen.xcassets */; };
		2BAC753C216FB78A00AA647F /* Constant.swift in Sources */ = {isa = PBXBuildFile; fileRef = 2BAC753B216FB78A00AA647F /* Constant.swift */; };
		2BC7BB1C2122B7DF00AF1CA0 /* Order.swift in Sources */ = {isa = PBXBuildFile; fileRef = 2BC7BB1B2122B7DF00AF1CA0 /* Order.swift */; };
		2BD6599721A5D411005B7A7D /* DateVC.swift in Sources */ = {isa = PBXBuildFile; fileRef = 2BD6599621A5D411005B7A7D /* DateVC.swift */; };
		2BDED6042112A1FE007C0AB5 /* OrderListCell.swift in Sources */ = {isa = PBXBuildFile; fileRef = 2BDED6032112A1FE007C0AB5 /* OrderListCell.swift */; };
		2BDFB172211BD1A1005B5B27 /* Connectivity.swift in Sources */ = {isa = PBXBuildFile; fileRef = 2BDFB171211BD1A1005B5B27 /* Connectivity.swift */; };
		2BDFB177211BD790005B5B27 /* BestSeller.swift in Sources */ = {isa = PBXBuildFile; fileRef = 2BDFB173211BD78F005B5B27 /* BestSeller.swift */; };
		2BDFB178211BD790005B5B27 /* Report.swift in Sources */ = {isa = PBXBuildFile; fileRef = 2BDFB174211BD790005B5B27 /* Report.swift */; };
		2BDFB179211BD790005B5B27 /* Customers.swift in Sources */ = {isa = PBXBuildFile; fileRef = 2BDFB175211BD790005B5B27 /* Customers.swift */; };
		2BDFB17A211BD790005B5B27 /* Sale.swift in Sources */ = {isa = PBXBuildFile; fileRef = 2BDFB176211BD790005B5B27 /* Sale.swift */; };
		2BE2B6C8212A6E7C008EBF2A /* OrderSearch.swift in Sources */ = {isa = PBXBuildFile; fileRef = 2BE2B6C7212A6E7C008EBF2A /* OrderSearch.swift */; };
		2BE6FB62214AD28800902255 /* Double.swift in Sources */ = {isa = PBXBuildFile; fileRef = 2BE6FB61214AD28800902255 /* Double.swift */; };
		2BEE1C3D2129A2540084BEC6 /* OrderDetailCell.swift in Sources */ = {isa = PBXBuildFile; fileRef = 2BEE1C3C2129A2540084BEC6 /* OrderDetailCell.swift */; };
		2BEE1C3F2129AB310084BEC6 /* AmountVC.swift in Sources */ = {isa = PBXBuildFile; fileRef = 2BEE1C3E2129AB310084BEC6 /* AmountVC.swift */; };
		2BF334E521B1694C0063C8D2 /* CustomerOrderCell.swift in Sources */ = {isa = PBXBuildFile; fileRef = 2BF334E421B1694C0063C8D2 /* CustomerOrderCell.swift */; };
		2BF4E00B211DEAE1000D2899 /* Date.swift in Sources */ = {isa = PBXBuildFile; fileRef = 2BF4E00A211DEAE1000D2899 /* Date.swift */; };
		2BF4E00D211DF09D000D2899 /* Alert.swift in Sources */ = {isa = PBXBuildFile; fileRef = 2BF4E00C211DF09C000D2899 /* Alert.swift */; };
		2BF4E85E212867AB0082E73A /* UpdateEmployee.swift in Sources */ = {isa = PBXBuildFile; fileRef = 2BF4E85D212867AB0082E73A /* UpdateEmployee.swift */; };
		2BF518DD2125909400EA367D /* ChangePassword.swift in Sources */ = {isa = PBXBuildFile; fileRef = 2BF518DC2125909400EA367D /* ChangePassword.swift */; };
		2BF898CF21160C7C001161F2 /* SalesReportCell.swift in Sources */ = {isa = PBXBuildFile; fileRef = 2BF898CE21160C7C001161F2 /* SalesReportCell.swift */; };
		2BF898D12116105D001161F2 /* EmployeeDetailVC.swift in Sources */ = {isa = PBXBuildFile; fileRef = 2BF898D02116105D001161F2 /* EmployeeDetailVC.swift */; };
		2BFBC6D6211734BA00DF9A9D /* EditEmployeeVC.swift in Sources */ = {isa = PBXBuildFile; fileRef = 2BFBC6D5211734BA00DF9A9D /* EditEmployeeVC.swift */; };
		2BFBC6D92117677000DF9A9D /* Validation.swift in Sources */ = {isa = PBXBuildFile; fileRef = 2BFBC6D72117675F00DF9A9D /* Validation.swift */; };
		2BFBC6DA2117677000DF9A9D /* AppMessages.swift in Sources */ = {isa = PBXBuildFile; fileRef = 2BFBC6D82117677000DF9A9D /* AppMessages.swift */; };
		2BFBC6DD21176A5E00DF9A9D /* APIConstants.swift in Sources */ = {isa = PBXBuildFile; fileRef = 2BFBC6DC21176A5E00DF9A9D /* APIConstants.swift */; };
		2BFBC6E121176AB800DF9A9D /* Global.swift in Sources */ = {isa = PBXBuildFile; fileRef = 2BFBC6DF21176AB800DF9A9D /* Global.swift */; };
		2BFBC6E321176BAC00DF9A9D /* APIRouter.swift in Sources */ = {isa = PBXBuildFile; fileRef = 2BFBC6E221176BAC00DF9A9D /* APIRouter.swift */; };
		2BFBC6E521176CB400DF9A9D /* APIClient.swift in Sources */ = {isa = PBXBuildFile; fileRef = 2BFBC6E421176CB400DF9A9D /* APIClient.swift */; };
		2BFBC6E721176CF400DF9A9D /* User.swift in Sources */ = {isa = PBXBuildFile; fileRef = 2BFBC6E621176CF400DF9A9D /* User.swift */; };
		2BFBC6E92117E52B00DF9A9D /* UIViewController.swift in Sources */ = {isa = PBXBuildFile; fileRef = 2BFBC6E82117E52B00DF9A9D /* UIViewController.swift */; };
		2BFD7E3C2126CA34005848DF /* OrderDetailVC.swift in Sources */ = {isa = PBXBuildFile; fileRef = 2BFD7E3B2126CA34005848DF /* OrderDetailVC.swift */; };
		CFB358987535CA8B8518D6CC /* Pods_FoodyPOSUITests.framework in Frameworks */ = {isa = PBXBuildFile; fileRef = C5E5519135B4D66542A38D9A /* Pods_FoodyPOSUITests.framework */; };
		E3918FC1AFB511AD213105CC /* Pods_FoodyPOSTests.framework in Frameworks */ = {isa = PBXBuildFile; fileRef = C4813F1E36A8715B4BD52ACB /* Pods_FoodyPOSTests.framework */; };
		EDBEF64FD9FB49FD8C572DB8 /* Pods_FoodyPOS.framework in Frameworks */ = {isa = PBXBuildFile; fileRef = 9DA38A93BD666426E48E9EEE /* Pods_FoodyPOS.framework */; };
/* End PBXBuildFile section */

/* Begin PBXContainerItemProxy section */
		04C8F99D210956E8005DD9F2 /* PBXContainerItemProxy */ = {
			isa = PBXContainerItemProxy;
			containerPortal = 04C8F980210956E6005DD9F2 /* Project object */;
			proxyType = 1;
			remoteGlobalIDString = 04C8F987210956E6005DD9F2;
			remoteInfo = FoodyPOS;
		};
		04C8F9A8210956E8005DD9F2 /* PBXContainerItemProxy */ = {
			isa = PBXContainerItemProxy;
			containerPortal = 04C8F980210956E6005DD9F2 /* Project object */;
			proxyType = 1;
			remoteGlobalIDString = 04C8F987210956E6005DD9F2;
			remoteInfo = FoodyPOS;
		};
/* End PBXContainerItemProxy section */

/* Begin PBXCopyFilesBuildPhase section */
		043DD8E6210DA087009B89C2 /* Embed Frameworks */ = {
			isa = PBXCopyFilesBuildPhase;
			buildActionMask = 2147483647;
			dstPath = "";
			dstSubfolderSpec = 10;
			files = (
				043DD8E5210DA087009B89C2 /* Highcharts.framework in Embed Frameworks */,
			);
			name = "Embed Frameworks";
			runOnlyForDeploymentPostprocessing = 0;
		};
/* End PBXCopyFilesBuildPhase section */

/* Begin PBXFileReference section */
		04182C8D210FFD84001EA39F /* OrderListVC.swift */ = {isa = PBXFileReference; lastKnownFileType = sourcecode.swift; path = OrderListVC.swift; sourceTree = "<group>"; };
		043DD8E2210DA078009B89C2 /* Highcharts.framework */ = {isa = PBXFileReference; lastKnownFileType = wrapper.framework; path = Highcharts.framework; sourceTree = "<group>"; };
		043DD8EA210DBFAA009B89C2 /* KxMenu.m */ = {isa = PBXFileReference; fileEncoding = 4; lastKnownFileType = sourcecode.c.objc; path = KxMenu.m; sourceTree = "<group>"; };
		043DD8EB210DBFAA009B89C2 /* KxMenu.h */ = {isa = PBXFileReference; fileEncoding = 4; lastKnownFileType = sourcecode.c.h; path = KxMenu.h; sourceTree = "<group>"; };
		043DD8ED210DC0AC009B89C2 /* FoodyPOS-Bridging-Header.h */ = {isa = PBXFileReference; lastKnownFileType = sourcecode.c.h; path = "FoodyPOS-Bridging-Header.h"; sourceTree = "<group>"; };
		043DD8EE210DE88C009B89C2 /* TopSaleVC.swift */ = {isa = PBXFileReference; lastKnownFileType = sourcecode.swift; path = TopSaleVC.swift; sourceTree = "<group>"; };
		043DD8F0210DE8D5009B89C2 /* TopSaleCell.swift */ = {isa = PBXFileReference; lastKnownFileType = sourcecode.swift; path = TopSaleCell.swift; sourceTree = "<group>"; };
		04C8F988210956E6005DD9F2 /* FoodyPOS.app */ = {isa = PBXFileReference; explicitFileType = wrapper.application; includeInIndex = 0; path = FoodyPOS.app; sourceTree = BUILT_PRODUCTS_DIR; };
		04C8F98B210956E6005DD9F2 /* AppDelegate.swift */ = {isa = PBXFileReference; lastKnownFileType = sourcecode.swift; path = AppDelegate.swift; sourceTree = "<group>"; };
		04C8F990210956E6005DD9F2 /* Base */ = {isa = PBXFileReference; lastKnownFileType = file.storyboard; name = Base; path = Base.lproj/Main.storyboard; sourceTree = "<group>"; };
		04C8F992210956E8005DD9F2 /* Assets.xcassets */ = {isa = PBXFileReference; lastKnownFileType = folder.assetcatalog; path = Assets.xcassets; sourceTree = "<group>"; };
		04C8F995210956E8005DD9F2 /* Base */ = {isa = PBXFileReference; lastKnownFileType = file.storyboard; name = Base; path = Base.lproj/LaunchScreen.storyboard; sourceTree = "<group>"; };
		04C8F997210956E8005DD9F2 /* Info.plist */ = {isa = PBXFileReference; lastKnownFileType = text.plist.xml; path = Info.plist; sourceTree = "<group>"; };
		04C8F99C210956E8005DD9F2 /* FoodyPOSTests.xctest */ = {isa = PBXFileReference; explicitFileType = wrapper.cfbundle; includeInIndex = 0; path = FoodyPOSTests.xctest; sourceTree = BUILT_PRODUCTS_DIR; };
		04C8F9A0210956E8005DD9F2 /* FoodyPOSTests.swift */ = {isa = PBXFileReference; lastKnownFileType = sourcecode.swift; path = FoodyPOSTests.swift; sourceTree = "<group>"; };
		04C8F9A2210956E8005DD9F2 /* Info.plist */ = {isa = PBXFileReference; lastKnownFileType = text.plist.xml; path = Info.plist; sourceTree = "<group>"; };
		04C8F9A7210956E8005DD9F2 /* FoodyPOSUITests.xctest */ = {isa = PBXFileReference; explicitFileType = wrapper.cfbundle; includeInIndex = 0; path = FoodyPOSUITests.xctest; sourceTree = BUILT_PRODUCTS_DIR; };
		04C8F9AB210956E8005DD9F2 /* FoodyPOSUITests.swift */ = {isa = PBXFileReference; lastKnownFileType = sourcecode.swift; path = FoodyPOSUITests.swift; sourceTree = "<group>"; };
		04C8F9AD210956E8005DD9F2 /* Info.plist */ = {isa = PBXFileReference; lastKnownFileType = text.plist.xml; path = Info.plist; sourceTree = "<group>"; };
		04C8F9BD210957A8005DD9F2 /* StoryboardConstant.swift */ = {isa = PBXFileReference; fileEncoding = 4; lastKnownFileType = sourcecode.swift; path = StoryboardConstant.swift; sourceTree = "<group>"; };
		04C8F9BE210957A9005DD9F2 /* DesignTextField.swift */ = {isa = PBXFileReference; fileEncoding = 4; lastKnownFileType = sourcecode.swift; path = DesignTextField.swift; sourceTree = "<group>"; };
		04C8F9E321095D11005DD9F2 /* UIView.swift */ = {isa = PBXFileReference; fileEncoding = 4; lastKnownFileType = sourcecode.swift; path = UIView.swift; sourceTree = "<group>"; };
		04E84D71210C109600537500 /* ARSInfiniteLoader.swift */ = {isa = PBXFileReference; fileEncoding = 4; lastKnownFileType = sourcecode.swift; path = ARSInfiniteLoader.swift; sourceTree = "<group>"; };
		04E84D72210C109600537500 /* ARSLineProgress.swift */ = {isa = PBXFileReference; fileEncoding = 4; lastKnownFileType = sourcecode.swift; path = ARSLineProgress.swift; sourceTree = "<group>"; };
		04E84D73210C109600537500 /* ARSLineProgressConstants.swift */ = {isa = PBXFileReference; fileEncoding = 4; lastKnownFileType = sourcecode.swift; path = ARSLineProgressConstants.swift; sourceTree = "<group>"; };
		04E84D74210C109600537500 /* ARSLineProgressCustomization.swift */ = {isa = PBXFileReference; fileEncoding = 4; lastKnownFileType = sourcecode.swift; path = ARSLineProgressCustomization.swift; sourceTree = "<group>"; };
		04E84D75210C109600537500 /* ARSLineProgressExtensions.swift */ = {isa = PBXFileReference; fileEncoding = 4; lastKnownFileType = sourcecode.swift; path = ARSLineProgressExtensions.swift; sourceTree = "<group>"; };
		04E84D76210C109600537500 /* ARSLineProgressHelpers.swift */ = {isa = PBXFileReference; fileEncoding = 4; lastKnownFileType = sourcecode.swift; path = ARSLineProgressHelpers.swift; sourceTree = "<group>"; };
		04E84D77210C109600537500 /* ARSLineProgressProtocols.swift */ = {isa = PBXFileReference; fileEncoding = 4; lastKnownFileType = sourcecode.swift; path = ARSLineProgressProtocols.swift; sourceTree = "<group>"; };
		04E84D78210C109600537500 /* ARSLineProgressTypeAliases.swift */ = {isa = PBXFileReference; fileEncoding = 4; lastKnownFileType = sourcecode.swift; path = ARSLineProgressTypeAliases.swift; sourceTree = "<group>"; };
		04E84D79210C109600537500 /* ARSProgressLoader.swift */ = {isa = PBXFileReference; fileEncoding = 4; lastKnownFileType = sourcecode.swift; path = ARSProgressLoader.swift; sourceTree = "<group>"; };
		04E84D7A210C109600537500 /* ARSStatus.swift */ = {isa = PBXFileReference; fileEncoding = 4; lastKnownFileType = sourcecode.swift; path = ARSStatus.swift; sourceTree = "<group>"; };
		04E84D7D210C109600537500 /* TPKeyboardAvoidingScrollView.h */ = {isa = PBXFileReference; fileEncoding = 4; lastKnownFileType = sourcecode.c.h; path = TPKeyboardAvoidingScrollView.h; sourceTree = "<group>"; };
		04E84D7E210C109600537500 /* TPKeyboardAvoidingScrollView.m */ = {isa = PBXFileReference; fileEncoding = 4; lastKnownFileType = sourcecode.c.objc; path = TPKeyboardAvoidingScrollView.m; sourceTree = "<group>"; };
		04E84D7F210C109600537500 /* UIScrollView+TPKeyboardAvoidingAdditions.h */ = {isa = PBXFileReference; fileEncoding = 4; lastKnownFileType = sourcecode.c.h; path = "UIScrollView+TPKeyboardAvoidingAdditions.h"; sourceTree = "<group>"; };
		04E84D80210C109600537500 /* UIScrollView+TPKeyboardAvoidingAdditions.m */ = {isa = PBXFileReference; fileEncoding = 4; lastKnownFileType = sourcecode.c.objc; path = "UIScrollView+TPKeyboardAvoidingAdditions.m"; sourceTree = "<group>"; };
		04E84D8D210C119300537500 /* LoginVC.swift */ = {isa = PBXFileReference; lastKnownFileType = sourcecode.swift; path = LoginVC.swift; sourceTree = "<group>"; };
		04E84D92210C13A300537500 /* SignUpVC.swift */ = {isa = PBXFileReference; lastKnownFileType = sourcecode.swift; path = SignUpVC.swift; sourceTree = "<group>"; };
		04E84D96210C26EF00537500 /* ForgotPasswordVC.swift */ = {isa = PBXFileReference; lastKnownFileType = sourcecode.swift; path = ForgotPasswordVC.swift; sourceTree = "<group>"; };
		04E84D98210C27A300537500 /* ChangePasswordVC.swift */ = {isa = PBXFileReference; lastKnownFileType = sourcecode.swift; path = ChangePasswordVC.swift; sourceTree = "<group>"; };
		04E84DD2210CD87F00537500 /* UIColor.swift */ = {isa = PBXFileReference; lastKnownFileType = sourcecode.swift; path = UIColor.swift; sourceTree = "<group>"; };
		04E84DD4210CE3A400537500 /* DashboardCell.swift */ = {isa = PBXFileReference; lastKnownFileType = sourcecode.swift; path = DashboardCell.swift; sourceTree = "<group>"; };
		04E84DD8210CE3DF00537500 /* DashboardVC.swift */ = {isa = PBXFileReference; lastKnownFileType = sourcecode.swift; path = DashboardVC.swift; sourceTree = "<group>"; };
		04E84DDA210CE7F200537500 /* Dashboard.swift */ = {isa = PBXFileReference; lastKnownFileType = sourcecode.swift; path = Dashboard.swift; sourceTree = "<group>"; };
		04E84DDC210CF09000537500 /* LeftSlideMenu.swift */ = {isa = PBXFileReference; fileEncoding = 4; lastKnownFileType = sourcecode.swift; path = LeftSlideMenu.swift; sourceTree = "<group>"; };
		04E84DDE210CF0AE00537500 /* LeftMenuVC.swift */ = {isa = PBXFileReference; lastKnownFileType = sourcecode.swift; path = LeftMenuVC.swift; sourceTree = "<group>"; };
		04E84DE0210CF1E100537500 /* LeftMenuCell.swift */ = {isa = PBXFileReference; lastKnownFileType = sourcecode.swift; path = LeftMenuCell.swift; sourceTree = "<group>"; };
		04E84DE2210CF34000537500 /* LeftMenu.swift */ = {isa = PBXFileReference; lastKnownFileType = sourcecode.swift; path = LeftMenu.swift; sourceTree = "<group>"; };
		0DEA7D69013C977555AC4510 /* Pods-FoodyPOSUITests.debug.xcconfig */ = {isa = PBXFileReference; includeInIndex = 1; lastKnownFileType = text.xcconfig; name = "Pods-FoodyPOSUITests.debug.xcconfig"; path = "Pods/Target Support Files/Pods-FoodyPOSUITests/Pods-FoodyPOSUITests.debug.xcconfig"; sourceTree = "<group>"; };
		2B045FB4211CA870000AE1A7 /* UserManager.swift */ = {isa = PBXFileReference; lastKnownFileType = sourcecode.swift; path = UserManager.swift; sourceTree = "<group>"; };
		2B04691421A478F8002853AA /* CustomerDetail.swift */ = {isa = PBXFileReference; lastKnownFileType = sourcecode.swift; path = CustomerDetail.swift; sourceTree = "<group>"; };
		2B04691621A47FF9002853AA /* CustomerDetailVC.swift */ = {isa = PBXFileReference; lastKnownFileType = sourcecode.swift; path = CustomerDetailVC.swift; sourceTree = "<group>"; };
		2B05FD392115606A00109889 /* Points */ = {isa = PBXFileReference; lastKnownFileType = text; path = Points; sourceTree = "<group>"; };
		2B08600A21A719990059BD29 /* AllBestSeller.swift */ = {isa = PBXFileReference; lastKnownFileType = sourcecode.swift; path = AllBestSeller.swift; sourceTree = "<group>"; };
		2B08600C21A724FF0059BD29 /* AllBestSellerVC.swift */ = {isa = PBXFileReference; lastKnownFileType = sourcecode.swift; path = AllBestSellerVC.swift; sourceTree = "<group>"; };
		2B08600E21A725490059BD29 /* AllBestSellerCell.swift */ = {isa = PBXFileReference; lastKnownFileType = sourcecode.swift; path = AllBestSellerCell.swift; sourceTree = "<group>"; };
		2B18BDA421283AEF004F5A3A /* AddEmployee.swift */ = {isa = PBXFileReference; lastKnownFileType = sourcecode.swift; path = AddEmployee.swift; sourceTree = "<group>"; };
		2B3FDA482119390B0001F933 /* Employee.swift */ = {isa = PBXFileReference; lastKnownFileType = sourcecode.swift; path = Employee.swift; sourceTree = "<group>"; };
		2B3FDA4A21193A970001F933 /* ForgotPassword.swift */ = {isa = PBXFileReference; lastKnownFileType = sourcecode.swift; path = ForgotPassword.swift; sourceTree = "<group>"; };
		2B42C3A02116A0B90086FDB6 /* EmployeeDetailCell.swift */ = {isa = PBXFileReference; lastKnownFileType = sourcecode.swift; path = EmployeeDetailCell.swift; sourceTree = "<group>"; };
		2B58EEF7212E6D2600FB7F30 /* ResetPasswordVC.swift */ = {isa = PBXFileReference; lastKnownFileType = sourcecode.swift; path = ResetPasswordVC.swift; sourceTree = "<group>"; };
		2B58EEF9212E725100FB7F30 /* ResetPassword.swift */ = {isa = PBXFileReference; lastKnownFileType = sourcecode.swift; path = ResetPassword.swift; sourceTree = "<group>"; };
		2B6780C12129C9DC00D7EE4C /* FoodyPOS.entitlements */ = {isa = PBXFileReference; lastKnownFileType = text.plist.entitlements; path = FoodyPOS.entitlements; sourceTree = "<group>"; };
		2B7A6F80213BF32D0031CB00 /* MBProgressHUD.m */ = {isa = PBXFileReference; fileEncoding = 4; lastKnownFileType = sourcecode.c.objc; path = MBProgressHUD.m; sourceTree = "<group>"; };
		2B7A6F81213BF32D0031CB00 /* MBProgressHUD.h */ = {isa = PBXFileReference; fileEncoding = 4; lastKnownFileType = sourcecode.c.h; path = MBProgressHUD.h; sourceTree = "<group>"; };
		2B931CE321157A8600927A0C /* DesignImageView.swift */ = {isa = PBXFileReference; fileEncoding = 4; lastKnownFileType = sourcecode.swift; path = DesignImageView.swift; sourceTree = "<group>"; };
		2B931CE421157A9100927A0C /* DesignView.swift */ = {isa = PBXFileReference; fileEncoding = 4; lastKnownFileType = sourcecode.swift; path = DesignView.swift; sourceTree = "<group>"; };
		2B931CE521157A9500927A0C /* DesignLabel.swift */ = {isa = PBXFileReference; fileEncoding = 4; lastKnownFileType = sourcecode.swift; path = DesignLabel.swift; sourceTree = "<group>"; };
		2B931CE621157A9700927A0C /* DesignButton.swift */ = {isa = PBXFileReference; fileEncoding = 4; lastKnownFileType = sourcecode.swift; path = DesignButton.swift; sourceTree = "<group>"; };
		2B931CF321157F4E00927A0C /* SalesSellAllVC.swift */ = {isa = PBXFileReference; lastKnownFileType = sourcecode.swift; path = SalesSellAllVC.swift; sourceTree = "<group>"; };
		2B931CF5211583B200927A0C /* BestSellerVC.swift */ = {isa = PBXFileReference; lastKnownFileType = sourcecode.swift; path = BestSellerVC.swift; sourceTree = "<group>"; };
		2B931CF72115844F00927A0C /* BestSellerCell.swift */ = {isa = PBXFileReference; lastKnownFileType = sourcecode.swift; path = BestSellerCell.swift; sourceTree = "<group>"; };
		2B931CF92115881100927A0C /* SalesReportVC.swift */ = {isa = PBXFileReference; lastKnownFileType = sourcecode.swift; path = SalesReportVC.swift; sourceTree = "<group>"; };
		2B977459212DB20C00229095 /* .gitkeep */ = {isa = PBXFileReference; fileEncoding = 4; lastKnownFileType = text; path = .gitkeep; sourceTree = "<group>"; };
		2B97745B212DB20C00229095 /* .gitkeep */ = {isa = PBXFileReference; fileEncoding = 4; lastKnownFileType = text; path = .gitkeep; sourceTree = "<group>"; };
		2B97745D212DB20C00229095 /* StringExtension.swift */ = {isa = PBXFileReference; fileEncoding = 4; lastKnownFileType = sourcecode.swift; path = StringExtension.swift; sourceTree = "<group>"; };
		2B97745E212DB20D00229095 /* UIViewExtension.swift */ = {isa = PBXFileReference; fileEncoding = 4; lastKnownFileType = sourcecode.swift; path = UIViewExtension.swift; sourceTree = "<group>"; };
		2B97745F212DB20D00229095 /* KWTextFieldView.swift */ = {isa = PBXFileReference; fileEncoding = 4; lastKnownFileType = sourcecode.swift; path = KWTextFieldView.swift; sourceTree = "<group>"; };
		2B977460212DB20D00229095 /* KWTextFieldView.xib */ = {isa = PBXFileReference; fileEncoding = 4; lastKnownFileType = file.xib; path = KWTextFieldView.xib; sourceTree = "<group>"; };
		2B977461212DB20D00229095 /* KWVerificationCodeView.swift */ = {isa = PBXFileReference; fileEncoding = 4; lastKnownFileType = sourcecode.swift; path = KWVerificationCodeView.swift; sourceTree = "<group>"; };
		2B977462212DB20D00229095 /* KWVerificationCodeView.xib */ = {isa = PBXFileReference; fileEncoding = 4; lastKnownFileType = file.xib; path = KWVerificationCodeView.xib; sourceTree = "<group>"; };
		2B97746B212DB4A000229095 /* OtpVC.swift */ = {isa = PBXFileReference; lastKnownFileType = sourcecode.swift; path = OtpVC.swift; sourceTree = "<group>"; };
		2BA3A3A022C12AB2001E1AF2 /* LaunchScreen.xcassets */ = {isa = PBXFileReference; lastKnownFileType = folder.assetcatalog; path = LaunchScreen.xcassets; sourceTree = "<group>"; };
		2BAC753B216FB78A00AA647F /* Constant.swift */ = {isa = PBXFileReference; fileEncoding = 4; lastKnownFileType = sourcecode.swift; path = Constant.swift; sourceTree = "<group>"; };
		2BC7BB1B2122B7DF00AF1CA0 /* Order.swift */ = {isa = PBXFileReference; lastKnownFileType = sourcecode.swift; path = Order.swift; sourceTree = "<group>"; };
		2BD6599621A5D411005B7A7D /* DateVC.swift */ = {isa = PBXFileReference; lastKnownFileType = sourcecode.swift; path = DateVC.swift; sourceTree = "<group>"; };
		2BDED6032112A1FE007C0AB5 /* OrderListCell.swift */ = {isa = PBXFileReference; lastKnownFileType = sourcecode.swift; path = OrderListCell.swift; sourceTree = "<group>"; };
		2BDFB171211BD1A1005B5B27 /* Connectivity.swift */ = {isa = PBXFileReference; fileEncoding = 4; lastKnownFileType = sourcecode.swift; path = Connectivity.swift; sourceTree = "<group>"; };
		2BDFB173211BD78F005B5B27 /* BestSeller.swift */ = {isa = PBXFileReference; fileEncoding = 4; lastKnownFileType = sourcecode.swift; path = BestSeller.swift; sourceTree = "<group>"; };
		2BDFB174211BD790005B5B27 /* Report.swift */ = {isa = PBXFileReference; fileEncoding = 4; lastKnownFileType = sourcecode.swift; path = Report.swift; sourceTree = "<group>"; };
		2BDFB175211BD790005B5B27 /* Customers.swift */ = {isa = PBXFileReference; fileEncoding = 4; lastKnownFileType = sourcecode.swift; path = Customers.swift; sourceTree = "<group>"; };
		2BDFB176211BD790005B5B27 /* Sale.swift */ = {isa = PBXFileReference; fileEncoding = 4; lastKnownFileType = sourcecode.swift; path = Sale.swift; sourceTree = "<group>"; };
		2BE2B6C7212A6E7C008EBF2A /* OrderSearch.swift */ = {isa = PBXFileReference; lastKnownFileType = sourcecode.swift; path = OrderSearch.swift; sourceTree = "<group>"; };
		2BE6FB61214AD28800902255 /* Double.swift */ = {isa = PBXFileReference; lastKnownFileType = sourcecode.swift; path = Double.swift; sourceTree = "<group>"; };
		2BEC829D2127EAED00139629 /* Alamofire.framework */ = {isa = PBXFileReference; explicitFileType = wrapper.framework; path = Alamofire.framework; sourceTree = BUILT_PRODUCTS_DIR; };
		2BEE1C3C2129A2540084BEC6 /* OrderDetailCell.swift */ = {isa = PBXFileReference; lastKnownFileType = sourcecode.swift; path = OrderDetailCell.swift; sourceTree = "<group>"; };
		2BEE1C3E2129AB310084BEC6 /* AmountVC.swift */ = {isa = PBXFileReference; lastKnownFileType = sourcecode.swift; path = AmountVC.swift; sourceTree = "<group>"; };
		2BF334E421B1694C0063C8D2 /* CustomerOrderCell.swift */ = {isa = PBXFileReference; lastKnownFileType = sourcecode.swift; path = CustomerOrderCell.swift; sourceTree = "<group>"; };
		2BF4E00A211DEAE1000D2899 /* Date.swift */ = {isa = PBXFileReference; lastKnownFileType = sourcecode.swift; path = Date.swift; sourceTree = "<group>"; };
		2BF4E00C211DF09C000D2899 /* Alert.swift */ = {isa = PBXFileReference; fileEncoding = 4; lastKnownFileType = sourcecode.swift; path = Alert.swift; sourceTree = "<group>"; };
		2BF4E85D212867AB0082E73A /* UpdateEmployee.swift */ = {isa = PBXFileReference; lastKnownFileType = sourcecode.swift; path = UpdateEmployee.swift; sourceTree = "<group>"; };
		2BF518DC2125909400EA367D /* ChangePassword.swift */ = {isa = PBXFileReference; lastKnownFileType = sourcecode.swift; path = ChangePassword.swift; sourceTree = "<group>"; };
		2BF898CE21160C7C001161F2 /* SalesReportCell.swift */ = {isa = PBXFileReference; lastKnownFileType = sourcecode.swift; path = SalesReportCell.swift; sourceTree = "<group>"; };
		2BF898D02116105D001161F2 /* EmployeeDetailVC.swift */ = {isa = PBXFileReference; lastKnownFileType = sourcecode.swift; path = EmployeeDetailVC.swift; sourceTree = "<group>"; };
		2BFBC6D5211734BA00DF9A9D /* EditEmployeeVC.swift */ = {isa = PBXFileReference; lastKnownFileType = sourcecode.swift; path = EditEmployeeVC.swift; sourceTree = "<group>"; };
		2BFBC6D72117675F00DF9A9D /* Validation.swift */ = {isa = PBXFileReference; fileEncoding = 4; lastKnownFileType = sourcecode.swift; path = Validation.swift; sourceTree = "<group>"; };
		2BFBC6D82117677000DF9A9D /* AppMessages.swift */ = {isa = PBXFileReference; fileEncoding = 4; lastKnownFileType = sourcecode.swift; path = AppMessages.swift; sourceTree = "<group>"; };
		2BFBC6DC21176A5E00DF9A9D /* APIConstants.swift */ = {isa = PBXFileReference; fileEncoding = 4; lastKnownFileType = sourcecode.swift; path = APIConstants.swift; sourceTree = "<group>"; };
		2BFBC6DF21176AB800DF9A9D /* Global.swift */ = {isa = PBXFileReference; fileEncoding = 4; lastKnownFileType = sourcecode.swift; path = Global.swift; sourceTree = "<group>"; };
		2BFBC6E221176BAC00DF9A9D /* APIRouter.swift */ = {isa = PBXFileReference; fileEncoding = 4; lastKnownFileType = sourcecode.swift; path = APIRouter.swift; sourceTree = "<group>"; };
		2BFBC6E421176CB400DF9A9D /* APIClient.swift */ = {isa = PBXFileReference; fileEncoding = 4; lastKnownFileType = sourcecode.swift; path = APIClient.swift; sourceTree = "<group>"; };
		2BFBC6E621176CF400DF9A9D /* User.swift */ = {isa = PBXFileReference; lastKnownFileType = sourcecode.swift; path = User.swift; sourceTree = "<group>"; };
		2BFBC6E82117E52B00DF9A9D /* UIViewController.swift */ = {isa = PBXFileReference; fileEncoding = 4; lastKnownFileType = sourcecode.swift; path = UIViewController.swift; sourceTree = "<group>"; };
		2BFD7E3B2126CA34005848DF /* OrderDetailVC.swift */ = {isa = PBXFileReference; lastKnownFileType = sourcecode.swift; path = OrderDetailVC.swift; sourceTree = "<group>"; };
		3C405037B661A41201135CCA /* Pods-FoodyPOSTests.release.xcconfig */ = {isa = PBXFileReference; includeInIndex = 1; lastKnownFileType = text.xcconfig; name = "Pods-FoodyPOSTests.release.xcconfig"; path = "Pods/Target Support Files/Pods-FoodyPOSTests/Pods-FoodyPOSTests.release.xcconfig"; sourceTree = "<group>"; };
		3D57576C31D07EA21C502FC8 /* Pods-FoodyPOS.release.xcconfig */ = {isa = PBXFileReference; includeInIndex = 1; lastKnownFileType = text.xcconfig; name = "Pods-FoodyPOS.release.xcconfig"; path = "Pods/Target Support Files/Pods-FoodyPOS/Pods-FoodyPOS.release.xcconfig"; sourceTree = "<group>"; };
		9DA38A93BD666426E48E9EEE /* Pods_FoodyPOS.framework */ = {isa = PBXFileReference; explicitFileType = wrapper.framework; includeInIndex = 0; path = Pods_FoodyPOS.framework; sourceTree = BUILT_PRODUCTS_DIR; };
		A2D4AAC451D2F02A93BEBB90 /* Pods-FoodyPOSTests.debug.xcconfig */ = {isa = PBXFileReference; includeInIndex = 1; lastKnownFileType = text.xcconfig; name = "Pods-FoodyPOSTests.debug.xcconfig"; path = "Pods/Target Support Files/Pods-FoodyPOSTests/Pods-FoodyPOSTests.debug.xcconfig"; sourceTree = "<group>"; };
		A3A1C1371CC6964AB39A6FCB /* Pods-FoodyPOS.debug.xcconfig */ = {isa = PBXFileReference; includeInIndex = 1; lastKnownFileType = text.xcconfig; name = "Pods-FoodyPOS.debug.xcconfig"; path = "Pods/Target Support Files/Pods-FoodyPOS/Pods-FoodyPOS.debug.xcconfig"; sourceTree = "<group>"; };
		C4813F1E36A8715B4BD52ACB /* Pods_FoodyPOSTests.framework */ = {isa = PBXFileReference; explicitFileType = wrapper.framework; includeInIndex = 0; path = Pods_FoodyPOSTests.framework; sourceTree = BUILT_PRODUCTS_DIR; };
		C5E5519135B4D66542A38D9A /* Pods_FoodyPOSUITests.framework */ = {isa = PBXFileReference; explicitFileType = wrapper.framework; includeInIndex = 0; path = Pods_FoodyPOSUITests.framework; sourceTree = BUILT_PRODUCTS_DIR; };
		F57BA99BE21094B31188D562 /* Pods-FoodyPOSUITests.release.xcconfig */ = {isa = PBXFileReference; includeInIndex = 1; lastKnownFileType = text.xcconfig; name = "Pods-FoodyPOSUITests.release.xcconfig"; path = "Pods/Target Support Files/Pods-FoodyPOSUITests/Pods-FoodyPOSUITests.release.xcconfig"; sourceTree = "<group>"; };
/* End PBXFileReference section */

/* Begin PBXFrameworksBuildPhase section */
		04C8F985210956E6005DD9F2 /* Frameworks */ = {
			isa = PBXFrameworksBuildPhase;
			buildActionMask = 2147483647;
			files = (
				043DD8E4210DA087009B89C2 /* Highcharts.framework in Frameworks */,
				EDBEF64FD9FB49FD8C572DB8 /* Pods_FoodyPOS.framework in Frameworks */,
			);
			runOnlyForDeploymentPostprocessing = 0;
		};
		04C8F999210956E8005DD9F2 /* Frameworks */ = {
			isa = PBXFrameworksBuildPhase;
			buildActionMask = 2147483647;
			files = (
				E3918FC1AFB511AD213105CC /* Pods_FoodyPOSTests.framework in Frameworks */,
			);
			runOnlyForDeploymentPostprocessing = 0;
		};
		04C8F9A4210956E8005DD9F2 /* Frameworks */ = {
			isa = PBXFrameworksBuildPhase;
			buildActionMask = 2147483647;
			files = (
				CFB358987535CA8B8518D6CC /* Pods_FoodyPOSUITests.framework in Frameworks */,
			);
			runOnlyForDeploymentPostprocessing = 0;
		};
/* End PBXFrameworksBuildPhase section */

/* Begin PBXGroup section */
		04C8F97F210956E6005DD9F2 = {
			isa = PBXGroup;
			children = (
				04C8F98A210956E6005DD9F2 /* FoodyPOS */,
				04C8F99F210956E8005DD9F2 /* FoodyPOSTests */,
				04C8F9AA210956E8005DD9F2 /* FoodyPOSUITests */,
				04C8F989210956E6005DD9F2 /* Products */,
				B90D81428A09ACC1DCB2B893 /* Frameworks */,
				2653A62F0E1BFC5F8ABCBD74 /* Pods */,
			);
			sourceTree = "<group>";
		};
		04C8F989210956E6005DD9F2 /* Products */ = {
			isa = PBXGroup;
			children = (
				04C8F988210956E6005DD9F2 /* FoodyPOS.app */,
				04C8F99C210956E8005DD9F2 /* FoodyPOSTests.xctest */,
				04C8F9A7210956E8005DD9F2 /* FoodyPOSUITests.xctest */,
			);
			name = Products;
			sourceTree = "<group>";
		};
		04C8F98A210956E6005DD9F2 /* FoodyPOS */ = {
			isa = PBXGroup;
			children = (
				2B6780C12129C9DC00D7EE4C /* FoodyPOS.entitlements */,
				04E84D8F210C126C00537500 /* Resources */,
				04E84D6F210C107400537500 /* Helper */,
				04C8F9E521095D19005DD9F2 /* Extensions */,
				04C8F9BB21095735005DD9F2 /* Model */,
				04C8F9BA21095733005DD9F2 /* View */,
				04C8F9B92109572C005DD9F2 /* Controller */,
				2B05FD392115606A00109889 /* Points */,
			);
			path = FoodyPOS;
			sourceTree = "<group>";
		};
		04C8F99F210956E8005DD9F2 /* FoodyPOSTests */ = {
			isa = PBXGroup;
			children = (
				04C8F9A0210956E8005DD9F2 /* FoodyPOSTests.swift */,
				04C8F9A2210956E8005DD9F2 /* Info.plist */,
			);
			path = FoodyPOSTests;
			sourceTree = "<group>";
		};
		04C8F9AA210956E8005DD9F2 /* FoodyPOSUITests */ = {
			isa = PBXGroup;
			children = (
				04C8F9AB210956E8005DD9F2 /* FoodyPOSUITests.swift */,
				04C8F9AD210956E8005DD9F2 /* Info.plist */,
			);
			path = FoodyPOSUITests;
			sourceTree = "<group>";
		};
		04C8F9B92109572C005DD9F2 /* Controller */ = {
			isa = PBXGroup;
			children = (
				04E84D8D210C119300537500 /* LoginVC.swift */,
				04E84D92210C13A300537500 /* SignUpVC.swift */,
				04E84D96210C26EF00537500 /* ForgotPasswordVC.swift */,
				04E84D98210C27A300537500 /* ChangePasswordVC.swift */,
				04E84DD8210CE3DF00537500 /* DashboardVC.swift */,
				04E84DDE210CF0AE00537500 /* LeftMenuVC.swift */,
				043DD8EE210DE88C009B89C2 /* TopSaleVC.swift */,
				04182C8D210FFD84001EA39F /* OrderListVC.swift */,
				2B931CF321157F4E00927A0C /* SalesSellAllVC.swift */,
				2B931CF5211583B200927A0C /* BestSellerVC.swift */,
				2B931CF92115881100927A0C /* SalesReportVC.swift */,
				2BF898D02116105D001161F2 /* EmployeeDetailVC.swift */,
				2BFBC6D5211734BA00DF9A9D /* EditEmployeeVC.swift */,
				2BFD7E3B2126CA34005848DF /* OrderDetailVC.swift */,
				2BEE1C3E2129AB310084BEC6 /* AmountVC.swift */,
				2B97746B212DB4A000229095 /* OtpVC.swift */,
				2B58EEF7212E6D2600FB7F30 /* ResetPasswordVC.swift */,
				2B04691621A47FF9002853AA /* CustomerDetailVC.swift */,
				2BD6599621A5D411005B7A7D /* DateVC.swift */,
				2B08600C21A724FF0059BD29 /* AllBestSellerVC.swift */,
			);
			path = Controller;
			sourceTree = "<group>";
		};
		04C8F9BA21095733005DD9F2 /* View */ = {
			isa = PBXGroup;
			children = (
				2BDED6022112A164007C0AB5 /* Cell */,
				04C8F98F210956E6005DD9F2 /* Main.storyboard */,
				04C8F994210956E8005DD9F2 /* LaunchScreen.storyboard */,
				04C8F9BE210957A9005DD9F2 /* DesignTextField.swift */,
				2B931CE621157A9700927A0C /* DesignButton.swift */,
				2B931CE321157A8600927A0C /* DesignImageView.swift */,
				2B931CE521157A9500927A0C /* DesignLabel.swift */,
				2B931CE421157A9100927A0C /* DesignView.swift */,
				04C8F9BD210957A8005DD9F2 /* StoryboardConstant.swift */,
			);
			path = View;
			sourceTree = "<group>";
		};
		04C8F9BB21095735005DD9F2 /* Model */ = {
			isa = PBXGroup;
			children = (
				04E84DDA210CE7F200537500 /* Dashboard.swift */,
				04E84DE2210CF34000537500 /* LeftMenu.swift */,
				2BFBC6E621176CF400DF9A9D /* User.swift */,
				2B3FDA482119390B0001F933 /* Employee.swift */,
				2B3FDA4A21193A970001F933 /* ForgotPassword.swift */,
				2BDFB173211BD78F005B5B27 /* BestSeller.swift */,
				2BDFB175211BD790005B5B27 /* Customers.swift */,
				2BDFB174211BD790005B5B27 /* Report.swift */,
				2BDFB176211BD790005B5B27 /* Sale.swift */,
				2B045FB4211CA870000AE1A7 /* UserManager.swift */,
				2BC7BB1B2122B7DF00AF1CA0 /* Order.swift */,
				2BF518DC2125909400EA367D /* ChangePassword.swift */,
				2B18BDA421283AEF004F5A3A /* AddEmployee.swift */,
				2BF4E85D212867AB0082E73A /* UpdateEmployee.swift */,
				2BE2B6C7212A6E7C008EBF2A /* OrderSearch.swift */,
				2B58EEF9212E725100FB7F30 /* ResetPassword.swift */,
				2B04691421A478F8002853AA /* CustomerDetail.swift */,
				2B08600A21A719990059BD29 /* AllBestSeller.swift */,
			);
			path = Model;
			sourceTree = "<group>";
		};
		04C8F9E521095D19005DD9F2 /* Extensions */ = {
			isa = PBXGroup;
			children = (
				2BFBC6E82117E52B00DF9A9D /* UIViewController.swift */,
				04C8F9E321095D11005DD9F2 /* UIView.swift */,
				04E84DD2210CD87F00537500 /* UIColor.swift */,
				2BF4E00A211DEAE1000D2899 /* Date.swift */,
				2BE6FB61214AD28800902255 /* Double.swift */,
			);
			path = Extensions;
			sourceTree = "<group>";
		};
		04E84D6F210C107400537500 /* Helper */ = {
			isa = PBXGroup;
			children = (
				2B977457212DB20C00229095 /* KWVerificationCodeView */,
				043DD8EB210DBFAA009B89C2 /* KxMenu.h */,
				043DD8EA210DBFAA009B89C2 /* KxMenu.m */,
				04E84DDC210CF09000537500 /* LeftSlideMenu.swift */,
				2B7A6F81213BF32D0031CB00 /* MBProgressHUD.h */,
				2B7A6F80213BF32D0031CB00 /* MBProgressHUD.m */,
				04E84D70210C109600537500 /* ARSInfinite */,
				04E84D7B210C109600537500 /* Keyboard Avoid */,
				043DD8ED210DC0AC009B89C2 /* FoodyPOS-Bridging-Header.h */,
			);
			path = Helper;
			sourceTree = "<group>";
		};
		04E84D70210C109600537500 /* ARSInfinite */ = {
			isa = PBXGroup;
			children = (
				04E84D71210C109600537500 /* ARSInfiniteLoader.swift */,
				04E84D72210C109600537500 /* ARSLineProgress.swift */,
				04E84D73210C109600537500 /* ARSLineProgressConstants.swift */,
				04E84D74210C109600537500 /* ARSLineProgressCustomization.swift */,
				04E84D75210C109600537500 /* ARSLineProgressExtensions.swift */,
				04E84D76210C109600537500 /* ARSLineProgressHelpers.swift */,
				04E84D77210C109600537500 /* ARSLineProgressProtocols.swift */,
				04E84D78210C109600537500 /* ARSLineProgressTypeAliases.swift */,
				04E84D79210C109600537500 /* ARSProgressLoader.swift */,
				04E84D7A210C109600537500 /* ARSStatus.swift */,
			);
			path = ARSInfinite;
			sourceTree = "<group>";
		};
		04E84D7B210C109600537500 /* Keyboard Avoid */ = {
			isa = PBXGroup;
			children = (
				04E84D7D210C109600537500 /* TPKeyboardAvoidingScrollView.h */,
				04E84D7E210C109600537500 /* TPKeyboardAvoidingScrollView.m */,
				04E84D7F210C109600537500 /* UIScrollView+TPKeyboardAvoidingAdditions.h */,
				04E84D80210C109600537500 /* UIScrollView+TPKeyboardAvoidingAdditions.m */,
			);
			path = "Keyboard Avoid";
			sourceTree = "<group>";
		};
		04E84D8F210C126C00537500 /* Resources */ = {
			isa = PBXGroup;
			children = (
				2BAC753B216FB78A00AA647F /* Constant.swift */,
				2BFBC6DB21176A3200DF9A9D /* API */,
				2BFBC6D82117677000DF9A9D /* AppMessages.swift */,
				2BFBC6D72117675F00DF9A9D /* Validation.swift */,
				04C8F98B210956E6005DD9F2 /* AppDelegate.swift */,
				2BFBC6DF21176AB800DF9A9D /* Global.swift */,
				2BF4E00C211DF09C000D2899 /* Alert.swift */,
				04C8F992210956E8005DD9F2 /* Assets.xcassets */,
				04C8F997210956E8005DD9F2 /* Info.plist */,
				2BA3A3A022C12AB2001E1AF2 /* LaunchScreen.xcassets */,
			);
			path = Resources;
			sourceTree = "<group>";
		};
		2653A62F0E1BFC5F8ABCBD74 /* Pods */ = {
			isa = PBXGroup;
			children = (
				A3A1C1371CC6964AB39A6FCB /* Pods-FoodyPOS.debug.xcconfig */,
				3D57576C31D07EA21C502FC8 /* Pods-FoodyPOS.release.xcconfig */,
				A2D4AAC451D2F02A93BEBB90 /* Pods-FoodyPOSTests.debug.xcconfig */,
				3C405037B661A41201135CCA /* Pods-FoodyPOSTests.release.xcconfig */,
				0DEA7D69013C977555AC4510 /* Pods-FoodyPOSUITests.debug.xcconfig */,
				F57BA99BE21094B31188D562 /* Pods-FoodyPOSUITests.release.xcconfig */,
			);
			name = Pods;
			sourceTree = "<group>";
		};
		2B977457212DB20C00229095 /* KWVerificationCodeView */ = {
			isa = PBXGroup;
			children = (
				2B977458212DB20C00229095 /* Assets */,
				2B97745A212DB20C00229095 /* Classes */,
			);
			path = KWVerificationCodeView;
			sourceTree = "<group>";
		};
		2B977458212DB20C00229095 /* Assets */ = {
			isa = PBXGroup;
			children = (
				2B977459212DB20C00229095 /* .gitkeep */,
			);
			path = Assets;
			sourceTree = "<group>";
		};
		2B97745A212DB20C00229095 /* Classes */ = {
			isa = PBXGroup;
			children = (
				2B97745B212DB20C00229095 /* .gitkeep */,
				2B97745C212DB20C00229095 /* Extensions */,
				2B97745F212DB20D00229095 /* KWTextFieldView.swift */,
				2B977460212DB20D00229095 /* KWTextFieldView.xib */,
				2B977461212DB20D00229095 /* KWVerificationCodeView.swift */,
				2B977462212DB20D00229095 /* KWVerificationCodeView.xib */,
			);
			path = Classes;
			sourceTree = "<group>";
		};
		2B97745C212DB20C00229095 /* Extensions */ = {
			isa = PBXGroup;
			children = (
				2B97745D212DB20C00229095 /* StringExtension.swift */,
				2B97745E212DB20D00229095 /* UIViewExtension.swift */,
			);
			path = Extensions;
			sourceTree = "<group>";
		};
		2BDED6022112A164007C0AB5 /* Cell */ = {
			isa = PBXGroup;
			children = (
				04E84DD4210CE3A400537500 /* DashboardCell.swift */,
				04E84DE0210CF1E100537500 /* LeftMenuCell.swift */,
				043DD8F0210DE8D5009B89C2 /* TopSaleCell.swift */,
				2BDED6032112A1FE007C0AB5 /* OrderListCell.swift */,
				2B931CF72115844F00927A0C /* BestSellerCell.swift */,
				2BF898CE21160C7C001161F2 /* SalesReportCell.swift */,
				2B42C3A02116A0B90086FDB6 /* EmployeeDetailCell.swift */,
				2BEE1C3C2129A2540084BEC6 /* OrderDetailCell.swift */,
				2B08600E21A725490059BD29 /* AllBestSellerCell.swift */,
				2BF334E421B1694C0063C8D2 /* CustomerOrderCell.swift */,
			);
			path = Cell;
			sourceTree = "<group>";
		};
		2BFBC6DB21176A3200DF9A9D /* API */ = {
			isa = PBXGroup;
			children = (
				2BFBC6DC21176A5E00DF9A9D /* APIConstants.swift */,
				2BFBC6E221176BAC00DF9A9D /* APIRouter.swift */,
				2BFBC6E421176CB400DF9A9D /* APIClient.swift */,
				2BDFB171211BD1A1005B5B27 /* Connectivity.swift */,
			);
			path = API;
			sourceTree = "<group>";
		};
		B90D81428A09ACC1DCB2B893 /* Frameworks */ = {
			isa = PBXGroup;
			children = (
				2BEC829D2127EAED00139629 /* Alamofire.framework */,
				043DD8E2210DA078009B89C2 /* Highcharts.framework */,
				9DA38A93BD666426E48E9EEE /* Pods_FoodyPOS.framework */,
				C4813F1E36A8715B4BD52ACB /* Pods_FoodyPOSTests.framework */,
				C5E5519135B4D66542A38D9A /* Pods_FoodyPOSUITests.framework */,
			);
			name = Frameworks;
			sourceTree = "<group>";
		};
/* End PBXGroup section */

/* Begin PBXNativeTarget section */
		04C8F987210956E6005DD9F2 /* FoodyPOS */ = {
			isa = PBXNativeTarget;
			buildConfigurationList = 04C8F9B0210956E8005DD9F2 /* Build configuration list for PBXNativeTarget "FoodyPOS" */;
			buildPhases = (
				25C4314F662EDAE959F493C3 /* [CP] Check Pods Manifest.lock */,
				04C8F984210956E6005DD9F2 /* Sources */,
				04C8F985210956E6005DD9F2 /* Frameworks */,
				04C8F986210956E6005DD9F2 /* Resources */,
				043DD8E6210DA087009B89C2 /* Embed Frameworks */,
				B9AF90E27FC09BAB37069394 /* [CP] Embed Pods Frameworks */,
				2BFD7E3D2126DAB0005848DF /* ShellScript */,
			);
			buildRules = (
			);
			dependencies = (
			);
			name = FoodyPOS;
			productName = FoodyPOS;
			productReference = 04C8F988210956E6005DD9F2 /* FoodyPOS.app */;
			productType = "com.apple.product-type.application";
		};
		04C8F99B210956E8005DD9F2 /* FoodyPOSTests */ = {
			isa = PBXNativeTarget;
			buildConfigurationList = 04C8F9B3210956E8005DD9F2 /* Build configuration list for PBXNativeTarget "FoodyPOSTests" */;
			buildPhases = (
				3D8C677C1D1438B692DCD63D /* [CP] Check Pods Manifest.lock */,
				04C8F998210956E8005DD9F2 /* Sources */,
				04C8F999210956E8005DD9F2 /* Frameworks */,
				04C8F99A210956E8005DD9F2 /* Resources */,
			);
			buildRules = (
			);
			dependencies = (
				04C8F99E210956E8005DD9F2 /* PBXTargetDependency */,
			);
			name = FoodyPOSTests;
			productName = FoodyPOSTests;
			productReference = 04C8F99C210956E8005DD9F2 /* FoodyPOSTests.xctest */;
			productType = "com.apple.product-type.bundle.unit-test";
		};
		04C8F9A6210956E8005DD9F2 /* FoodyPOSUITests */ = {
			isa = PBXNativeTarget;
			buildConfigurationList = 04C8F9B6210956E8005DD9F2 /* Build configuration list for PBXNativeTarget "FoodyPOSUITests" */;
			buildPhases = (
				0997DC3FD4077D78A9D67433 /* [CP] Check Pods Manifest.lock */,
				04C8F9A3210956E8005DD9F2 /* Sources */,
				04C8F9A4210956E8005DD9F2 /* Frameworks */,
				04C8F9A5210956E8005DD9F2 /* Resources */,
			);
			buildRules = (
			);
			dependencies = (
				04C8F9A9210956E8005DD9F2 /* PBXTargetDependency */,
			);
			name = FoodyPOSUITests;
			productName = FoodyPOSUITests;
			productReference = 04C8F9A7210956E8005DD9F2 /* FoodyPOSUITests.xctest */;
			productType = "com.apple.product-type.bundle.ui-testing";
		};
/* End PBXNativeTarget section */

/* Begin PBXProject section */
		04C8F980210956E6005DD9F2 /* Project object */ = {
			isa = PBXProject;
			attributes = {
				LastSwiftUpdateCheck = 0940;
				LastUpgradeCheck = 0940;
				ORGANIZATIONNAME = com.tutist;
				TargetAttributes = {
					04C8F987210956E6005DD9F2 = {
						CreatedOnToolsVersion = 9.4.1;
						SystemCapabilities = {
							com.apple.BackgroundModes = {
								enabled = 1;
							};
							com.apple.Push = {
								enabled = 1;
							};
						};
					};
					04C8F99B210956E8005DD9F2 = {
						CreatedOnToolsVersion = 9.4.1;
						TestTargetID = 04C8F987210956E6005DD9F2;
					};
					04C8F9A6210956E8005DD9F2 = {
						CreatedOnToolsVersion = 9.4.1;
						TestTargetID = 04C8F987210956E6005DD9F2;
					};
				};
			};
			buildConfigurationList = 04C8F983210956E6005DD9F2 /* Build configuration list for PBXProject "FoodyPOS" */;
			compatibilityVersion = "Xcode 9.3";
			developmentRegion = en;
			hasScannedForEncodings = 0;
			knownRegions = (
				en,
				Base,
			);
			mainGroup = 04C8F97F210956E6005DD9F2;
			productRefGroup = 04C8F989210956E6005DD9F2 /* Products */;
			projectDirPath = "";
			projectRoot = "";
			targets = (
				04C8F987210956E6005DD9F2 /* FoodyPOS */,
				04C8F99B210956E8005DD9F2 /* FoodyPOSTests */,
				04C8F9A6210956E8005DD9F2 /* FoodyPOSUITests */,
			);
		};
/* End PBXProject section */

/* Begin PBXResourcesBuildPhase section */
		04C8F986210956E6005DD9F2 /* Resources */ = {
			isa = PBXResourcesBuildPhase;
			buildActionMask = 2147483647;
			files = (
				04C8F996210956E8005DD9F2 /* LaunchScreen.storyboard in Resources */,
				2BA3A3A122C12AB2001E1AF2 /* LaunchScreen.xcassets in Resources */,
				2B977468212DB20D00229095 /* KWTextFieldView.xib in Resources */,
				04C8F993210956E8005DD9F2 /* Assets.xcassets in Resources */,
				2B977463212DB20D00229095 /* .gitkeep in Resources */,
				2B977464212DB20D00229095 /* .gitkeep in Resources */,
				04C8F991210956E6005DD9F2 /* Main.storyboard in Resources */,
				2B97746A212DB20D00229095 /* KWVerificationCodeView.xib in Resources */,
				2B05FD3A2115606A00109889 /* Points in Resources */,
			);
			runOnlyForDeploymentPostprocessing = 0;
		};
		04C8F99A210956E8005DD9F2 /* Resources */ = {
			isa = PBXResourcesBuildPhase;
			buildActionMask = 2147483647;
			files = (
			);
			runOnlyForDeploymentPostprocessing = 0;
		};
		04C8F9A5210956E8005DD9F2 /* Resources */ = {
			isa = PBXResourcesBuildPhase;
			buildActionMask = 2147483647;
			files = (
			);
			runOnlyForDeploymentPostprocessing = 0;
		};
/* End PBXResourcesBuildPhase section */

/* Begin PBXShellScriptBuildPhase section */
		0997DC3FD4077D78A9D67433 /* [CP] Check Pods Manifest.lock */ = {
			isa = PBXShellScriptBuildPhase;
			buildActionMask = 2147483647;
			files = (
			);
			inputPaths = (
				"${PODS_PODFILE_DIR_PATH}/Podfile.lock",
				"${PODS_ROOT}/Manifest.lock",
			);
			name = "[CP] Check Pods Manifest.lock";
			outputPaths = (
				"$(DERIVED_FILE_DIR)/Pods-FoodyPOSUITests-checkManifestLockResult.txt",
			);
			runOnlyForDeploymentPostprocessing = 0;
			shellPath = /bin/sh;
			shellScript = "diff \"${PODS_PODFILE_DIR_PATH}/Podfile.lock\" \"${PODS_ROOT}/Manifest.lock\" > /dev/null\nif [ $? != 0 ] ; then\n    # print error to STDERR\n    echo \"error: The sandbox is not in sync with the Podfile.lock. Run 'pod install' or update your CocoaPods installation.\" >&2\n    exit 1\nfi\n# This output is used by Xcode 'outputs' to avoid re-running this script phase.\necho \"SUCCESS\" > \"${SCRIPT_OUTPUT_FILE_0}\"\n";
			showEnvVarsInLog = 0;
		};
		25C4314F662EDAE959F493C3 /* [CP] Check Pods Manifest.lock */ = {
			isa = PBXShellScriptBuildPhase;
			buildActionMask = 2147483647;
			files = (
			);
			inputPaths = (
				"${PODS_PODFILE_DIR_PATH}/Podfile.lock",
				"${PODS_ROOT}/Manifest.lock",
			);
			name = "[CP] Check Pods Manifest.lock";
			outputPaths = (
				"$(DERIVED_FILE_DIR)/Pods-FoodyPOS-checkManifestLockResult.txt",
			);
			runOnlyForDeploymentPostprocessing = 0;
			shellPath = /bin/sh;
			shellScript = "diff \"${PODS_PODFILE_DIR_PATH}/Podfile.lock\" \"${PODS_ROOT}/Manifest.lock\" > /dev/null\nif [ $? != 0 ] ; then\n    # print error to STDERR\n    echo \"error: The sandbox is not in sync with the Podfile.lock. Run 'pod install' or update your CocoaPods installation.\" >&2\n    exit 1\nfi\n# This output is used by Xcode 'outputs' to avoid re-running this script phase.\necho \"SUCCESS\" > \"${SCRIPT_OUTPUT_FILE_0}\"\n";
			showEnvVarsInLog = 0;
		};
		2BFD7E3D2126DAB0005848DF /* ShellScript */ = {
			isa = PBXShellScriptBuildPhase;
			buildActionMask = 2147483647;
			files = (
			);
			inputPaths = (
			);
			outputPaths = (
			);
			runOnlyForDeploymentPostprocessing = 0;
			shellPath = /bin/sh;
			shellScript = "APP_PATH=\"${TARGET_BUILD_DIR}/${WRAPPER_NAME}\"\n\n# This script loops through the frameworks embedded in the application and\n# removes unused architectures.\nfind \"$APP_PATH\" -name 'Highcharts.framework' -type d | while read -r FRAMEWORK\ndo\nFRAMEWORK_EXECUTABLE_NAME=$(defaults read \"$FRAMEWORK/Info.plist\" CFBundleExecutable)\nFRAMEWORK_EXECUTABLE_PATH=\"$FRAMEWORK/$FRAMEWORK_EXECUTABLE_NAME\"\necho \"Executable is $FRAMEWORK_EXECUTABLE_PATH\"\n\nEXTRACTED_ARCHS=()\n\nfor ARCH in $ARCHS\ndo\necho \"Extracting $ARCH from $FRAMEWORK_EXECUTABLE_NAME\"\nlipo -extract \"$ARCH\" \"$FRAMEWORK_EXECUTABLE_PATH\" -o \"$FRAMEWORK_EXECUTABLE_PATH-$ARCH\"\nEXTRACTED_ARCHS+=(\"$FRAMEWORK_EXECUTABLE_PATH-$ARCH\")\ndone\n\necho \"Merging extracted architectures: ${ARCHS}\"\nlipo -o \"$FRAMEWORK_EXECUTABLE_PATH-merged\" -create \"${EXTRACTED_ARCHS[@]}\"\nrm \"${EXTRACTED_ARCHS[@]}\"\n\necho \"Replacing original executable with thinned version\"\nrm \"$FRAMEWORK_EXECUTABLE_PATH\"\nmv \"$FRAMEWORK_EXECUTABLE_PATH-merged\" \"$FRAMEWORK_EXECUTABLE_PATH\"\n\ndone";
		};
		3D8C677C1D1438B692DCD63D /* [CP] Check Pods Manifest.lock */ = {
			isa = PBXShellScriptBuildPhase;
			buildActionMask = 2147483647;
			files = (
			);
			inputPaths = (
				"${PODS_PODFILE_DIR_PATH}/Podfile.lock",
				"${PODS_ROOT}/Manifest.lock",
			);
			name = "[CP] Check Pods Manifest.lock";
			outputPaths = (
				"$(DERIVED_FILE_DIR)/Pods-FoodyPOSTests-checkManifestLockResult.txt",
			);
			runOnlyForDeploymentPostprocessing = 0;
			shellPath = /bin/sh;
			shellScript = "diff \"${PODS_PODFILE_DIR_PATH}/Podfile.lock\" \"${PODS_ROOT}/Manifest.lock\" > /dev/null\nif [ $? != 0 ] ; then\n    # print error to STDERR\n    echo \"error: The sandbox is not in sync with the Podfile.lock. Run 'pod install' or update your CocoaPods installation.\" >&2\n    exit 1\nfi\n# This output is used by Xcode 'outputs' to avoid re-running this script phase.\necho \"SUCCESS\" > \"${SCRIPT_OUTPUT_FILE_0}\"\n";
			showEnvVarsInLog = 0;
		};
		B9AF90E27FC09BAB37069394 /* [CP] Embed Pods Frameworks */ = {
			isa = PBXShellScriptBuildPhase;
			buildActionMask = 2147483647;
			files = (
			);
			inputPaths = (
				"${SRCROOT}/Pods/Target Support Files/Pods-FoodyPOS/Pods-FoodyPOS-frameworks.sh",
				"${BUILT_PRODUCTS_DIR}/Alamofire/Alamofire.framework",
				"${BUILT_PRODUCTS_DIR}/CodableAlamofire/CodableAlamofire.framework",
				"${BUILT_PRODUCTS_DIR}/FLAnimatedImage/FLAnimatedImage.framework",
				"${BUILT_PRODUCTS_DIR}/PINCache/PINCache.framework",
				"${BUILT_PRODUCTS_DIR}/PINRemoteImage/PINRemoteImage.framework",
				"${BUILT_PRODUCTS_DIR}/Toaster/Toaster.framework",
			);
			name = "[CP] Embed Pods Frameworks";
			outputPaths = (
				"${TARGET_BUILD_DIR}/${FRAMEWORKS_FOLDER_PATH}/Alamofire.framework",
				"${TARGET_BUILD_DIR}/${FRAMEWORKS_FOLDER_PATH}/CodableAlamofire.framework",
				"${TARGET_BUILD_DIR}/${FRAMEWORKS_FOLDER_PATH}/FLAnimatedImage.framework",
				"${TARGET_BUILD_DIR}/${FRAMEWORKS_FOLDER_PATH}/PINCache.framework",
				"${TARGET_BUILD_DIR}/${FRAMEWORKS_FOLDER_PATH}/PINRemoteImage.framework",
				"${TARGET_BUILD_DIR}/${FRAMEWORKS_FOLDER_PATH}/Toaster.framework",
			);
			runOnlyForDeploymentPostprocessing = 0;
			shellPath = /bin/sh;
			shellScript = "\"${SRCROOT}/Pods/Target Support Files/Pods-FoodyPOS/Pods-FoodyPOS-frameworks.sh\"\n";
			showEnvVarsInLog = 0;
		};
/* End PBXShellScriptBuildPhase section */

/* Begin PBXSourcesBuildPhase section */
		04C8F984210956E6005DD9F2 /* Sources */ = {
			isa = PBXSourcesBuildPhase;
			buildActionMask = 2147483647;
			files = (
				04E84D87210C109600537500 /* ARSLineProgressProtocols.swift in Sources */,
				04E84D81210C109600537500 /* ARSInfiniteLoader.swift in Sources */,
				2BDFB172211BD1A1005B5B27 /* Connectivity.swift in Sources */,
				2BFBC6E92117E52B00DF9A9D /* UIViewController.swift in Sources */,
				2B3FDA492119390B0001F933 /* Employee.swift in Sources */,
				2BDFB178211BD790005B5B27 /* Report.swift in Sources */,
				04E84D88210C109600537500 /* ARSLineProgressTypeAliases.swift in Sources */,
				2B931CE921157A9800927A0C /* DesignLabel.swift in Sources */,
				2BFBC6D6211734BA00DF9A9D /* EditEmployeeVC.swift in Sources */,
				04E84D99210C27A300537500 /* ChangePasswordVC.swift in Sources */,
				2B977465212DB20D00229095 /* StringExtension.swift in Sources */,
				2B08600B21A719990059BD29 /* AllBestSeller.swift in Sources */,
				04E84D8E210C119300537500 /* LoginVC.swift in Sources */,
				2B931CF82115844F00927A0C /* BestSellerCell.swift in Sources */,
				043DD8F1210DE8D5009B89C2 /* TopSaleCell.swift in Sources */,
				2B3FDA4B21193A970001F933 /* ForgotPassword.swift in Sources */,
				04E84DE3210CF34000537500 /* LeftMenu.swift in Sources */,
				04E84DDD210CF09000537500 /* LeftSlideMenu.swift in Sources */,
				2BF4E00B211DEAE1000D2899 /* Date.swift in Sources */,
				2B931CE821157A9800927A0C /* DesignView.swift in Sources */,
				04E84DE1210CF1E100537500 /* LeftMenuCell.swift in Sources */,
				2BAC753C216FB78A00AA647F /* Constant.swift in Sources */,
				04E84D84210C109600537500 /* ARSLineProgressCustomization.swift in Sources */,
				2B58EEFA212E725100FB7F30 /* ResetPassword.swift in Sources */,
				2B977467212DB20D00229095 /* KWTextFieldView.swift in Sources */,
				2BF898D12116105D001161F2 /* EmployeeDetailVC.swift in Sources */,
				2BEE1C3F2129AB310084BEC6 /* AmountVC.swift in Sources */,
				04E84D8A210C109600537500 /* ARSStatus.swift in Sources */,
				04E84DD3210CD87F00537500 /* UIColor.swift in Sources */,
				2BDED6042112A1FE007C0AB5 /* OrderListCell.swift in Sources */,
				04C8F9C1210957A9005DD9F2 /* DesignTextField.swift in Sources */,
				04E84D82210C109600537500 /* ARSLineProgress.swift in Sources */,
				2BFBC6E321176BAC00DF9A9D /* APIRouter.swift in Sources */,
				2BDFB177211BD790005B5B27 /* BestSeller.swift in Sources */,
				2B931CF421157F4E00927A0C /* SalesSellAllVC.swift in Sources */,
				2BF4E00D211DF09D000D2899 /* Alert.swift in Sources */,
				2BFBC6DA2117677000DF9A9D /* AppMessages.swift in Sources */,
				2B931CE721157A9800927A0C /* DesignImageView.swift in Sources */,
				04E84D97210C26EF00537500 /* ForgotPasswordVC.swift in Sources */,
				2B977466212DB20D00229095 /* UIViewExtension.swift in Sources */,
				2BF334E521B1694C0063C8D2 /* CustomerOrderCell.swift in Sources */,
				2BF898CF21160C7C001161F2 /* SalesReportCell.swift in Sources */,
				2BEE1C3D2129A2540084BEC6 /* OrderDetailCell.swift in Sources */,
				04E84D93210C13A300537500 /* SignUpVC.swift in Sources */,
				2B42C3A12116A0B90086FDB6 /* EmployeeDetailCell.swift in Sources */,
				04182C8E210FFD84001EA39F /* OrderListVC.swift in Sources */,
				2B04691721A47FF9002853AA /* CustomerDetailVC.swift in Sources */,
				04E84D86210C109600537500 /* ARSLineProgressHelpers.swift in Sources */,
				2BFBC6E721176CF400DF9A9D /* User.swift in Sources */,
				2B931CFA2115881100927A0C /* SalesReportVC.swift in Sources */,
				2B7A6F82213BF32D0031CB00 /* MBProgressHUD.m in Sources */,
				04E84DDB210CE7F200537500 /* Dashboard.swift in Sources */,
				2BFBC6D92117677000DF9A9D /* Validation.swift in Sources */,
				04E84D83210C109600537500 /* ARSLineProgressConstants.swift in Sources */,
				04C8F9E421095D11005DD9F2 /* UIView.swift in Sources */,
				2BDFB179211BD790005B5B27 /* Customers.swift in Sources */,
				04E84DD9210CE3DF00537500 /* DashboardVC.swift in Sources */,
				2B931CEA21157A9800927A0C /* DesignButton.swift in Sources */,
				2B58EEF8212E6D2600FB7F30 /* ResetPasswordVC.swift in Sources */,
				043DD8EC210DBFAA009B89C2 /* KxMenu.m in Sources */,
				04C8F98C210956E6005DD9F2 /* AppDelegate.swift in Sources */,
				2BFBC6E521176CB400DF9A9D /* APIClient.swift in Sources */,
				04C8F9C0210957A9005DD9F2 /* StoryboardConstant.swift in Sources */,
				2BE2B6C8212A6E7C008EBF2A /* OrderSearch.swift in Sources */,
				2BE6FB62214AD28800902255 /* Double.swift in Sources */,
				2B977469212DB20D00229095 /* KWVerificationCodeView.swift in Sources */,
				2B08600D21A724FF0059BD29 /* AllBestSellerVC.swift in Sources */,
				2BF518DD2125909400EA367D /* ChangePassword.swift in Sources */,
				2B18BDA521283AEF004F5A3A /* AddEmployee.swift in Sources */,
				2BD6599721A5D411005B7A7D /* DateVC.swift in Sources */,
				04E84D8C210C109600537500 /* UIScrollView+TPKeyboardAvoidingAdditions.m in Sources */,
				2BF4E85E212867AB0082E73A /* UpdateEmployee.swift in Sources */,
				04E84DD5210CE3A400537500 /* DashboardCell.swift in Sources */,
				2BFD7E3C2126CA34005848DF /* OrderDetailVC.swift in Sources */,
				04E84D8B210C109600537500 /* TPKeyboardAvoidingScrollView.m in Sources */,
				2BFBC6DD21176A5E00DF9A9D /* APIConstants.swift in Sources */,
				2B045FB5211CA870000AE1A7 /* UserManager.swift in Sources */,
				2B931CF6211583B200927A0C /* BestSellerVC.swift in Sources */,
				2BDFB17A211BD790005B5B27 /* Sale.swift in Sources */,
				043DD8EF210DE88C009B89C2 /* TopSaleVC.swift in Sources */,
				2B08600F21A725490059BD29 /* AllBestSellerCell.swift in Sources */,
				2B97746C212DB4A000229095 /* OtpVC.swift in Sources */,
				04E84DDF210CF0AE00537500 /* LeftMenuVC.swift in Sources */,
				04E84D85210C109600537500 /* ARSLineProgressExtensions.swift in Sources */,
				2BC7BB1C2122B7DF00AF1CA0 /* Order.swift in Sources */,
				04E84D89210C109600537500 /* ARSProgressLoader.swift in Sources */,
				2B04691521A478F8002853AA /* CustomerDetail.swift in Sources */,
				2BFBC6E121176AB800DF9A9D /* Global.swift in Sources */,
			);
			runOnlyForDeploymentPostprocessing = 0;
		};
		04C8F998210956E8005DD9F2 /* Sources */ = {
			isa = PBXSourcesBuildPhase;
			buildActionMask = 2147483647;
			files = (
				04C8F9A1210956E8005DD9F2 /* FoodyPOSTests.swift in Sources */,
			);
			runOnlyForDeploymentPostprocessing = 0;
		};
		04C8F9A3210956E8005DD9F2 /* Sources */ = {
			isa = PBXSourcesBuildPhase;
			buildActionMask = 2147483647;
			files = (
				04C8F9AC210956E8005DD9F2 /* FoodyPOSUITests.swift in Sources */,
			);
			runOnlyForDeploymentPostprocessing = 0;
		};
/* End PBXSourcesBuildPhase section */

/* Begin PBXTargetDependency section */
		04C8F99E210956E8005DD9F2 /* PBXTargetDependency */ = {
			isa = PBXTargetDependency;
			target = 04C8F987210956E6005DD9F2 /* FoodyPOS */;
			targetProxy = 04C8F99D210956E8005DD9F2 /* PBXContainerItemProxy */;
		};
		04C8F9A9210956E8005DD9F2 /* PBXTargetDependency */ = {
			isa = PBXTargetDependency;
			target = 04C8F987210956E6005DD9F2 /* FoodyPOS */;
			targetProxy = 04C8F9A8210956E8005DD9F2 /* PBXContainerItemProxy */;
		};
/* End PBXTargetDependency section */

/* Begin PBXVariantGroup section */
		04C8F98F210956E6005DD9F2 /* Main.storyboard */ = {
			isa = PBXVariantGroup;
			children = (
				04C8F990210956E6005DD9F2 /* Base */,
			);
			name = Main.storyboard;
			sourceTree = "<group>";
		};
		04C8F994210956E8005DD9F2 /* LaunchScreen.storyboard */ = {
			isa = PBXVariantGroup;
			children = (
				04C8F995210956E8005DD9F2 /* Base */,
			);
			name = LaunchScreen.storyboard;
			sourceTree = "<group>";
		};
/* End PBXVariantGroup section */

/* Begin XCBuildConfiguration section */
		04C8F9AE210956E8005DD9F2 /* Debug */ = {
			isa = XCBuildConfiguration;
			buildSettings = {
				ALWAYS_SEARCH_USER_PATHS = NO;
				CLANG_ANALYZER_NONNULL = YES;
				CLANG_ANALYZER_NUMBER_OBJECT_CONVERSION = YES_AGGRESSIVE;
				CLANG_CXX_LANGUAGE_STANDARD = "gnu++14";
				CLANG_CXX_LIBRARY = "libc++";
				CLANG_ENABLE_MODULES = YES;
				CLANG_ENABLE_OBJC_ARC = YES;
				CLANG_ENABLE_OBJC_WEAK = YES;
				CLANG_WARN_BLOCK_CAPTURE_AUTORELEASING = YES;
				CLANG_WARN_BOOL_CONVERSION = YES;
				CLANG_WARN_COMMA = YES;
				CLANG_WARN_CONSTANT_CONVERSION = YES;
				CLANG_WARN_DEPRECATED_OBJC_IMPLEMENTATIONS = YES;
				CLANG_WARN_DIRECT_OBJC_ISA_USAGE = YES_ERROR;
				CLANG_WARN_DOCUMENTATION_COMMENTS = YES;
				CLANG_WARN_EMPTY_BODY = YES;
				CLANG_WARN_ENUM_CONVERSION = YES;
				CLANG_WARN_INFINITE_RECURSION = YES;
				CLANG_WARN_INT_CONVERSION = YES;
				CLANG_WARN_NON_LITERAL_NULL_CONVERSION = YES;
				CLANG_WARN_OBJC_IMPLICIT_RETAIN_SELF = YES;
				CLANG_WARN_OBJC_LITERAL_CONVERSION = YES;
				CLANG_WARN_OBJC_ROOT_CLASS = YES_ERROR;
				CLANG_WARN_RANGE_LOOP_ANALYSIS = YES;
				CLANG_WARN_STRICT_PROTOTYPES = YES;
				CLANG_WARN_SUSPICIOUS_MOVE = YES;
				CLANG_WARN_UNGUARDED_AVAILABILITY = YES_AGGRESSIVE;
				CLANG_WARN_UNREACHABLE_CODE = YES;
				CLANG_WARN__DUPLICATE_METHOD_MATCH = YES;
				CODE_SIGN_IDENTITY = "iPhone Developer";
				COPY_PHASE_STRIP = NO;
				DEBUG_INFORMATION_FORMAT = dwarf;
				ENABLE_STRICT_OBJC_MSGSEND = YES;
				ENABLE_TESTABILITY = YES;
				GCC_C_LANGUAGE_STANDARD = gnu11;
				GCC_DYNAMIC_NO_PIC = NO;
				GCC_NO_COMMON_BLOCKS = YES;
				GCC_OPTIMIZATION_LEVEL = 0;
				GCC_PREPROCESSOR_DEFINITIONS = (
					"DEBUG=1",
					"$(inherited)",
				);
				GCC_WARN_64_TO_32_BIT_CONVERSION = YES;
				GCC_WARN_ABOUT_RETURN_TYPE = YES_ERROR;
				GCC_WARN_UNDECLARED_SELECTOR = YES;
				GCC_WARN_UNINITIALIZED_AUTOS = YES_AGGRESSIVE;
				GCC_WARN_UNUSED_FUNCTION = YES;
				GCC_WARN_UNUSED_VARIABLE = YES;
				IPHONEOS_DEPLOYMENT_TARGET = 11.4;
				MTL_ENABLE_DEBUG_INFO = YES;
				ONLY_ACTIVE_ARCH = YES;
				SDKROOT = iphoneos;
				SWIFT_ACTIVE_COMPILATION_CONDITIONS = DEBUG;
				SWIFT_OPTIMIZATION_LEVEL = "-Onone";
			};
			name = Debug;
		};
		04C8F9AF210956E8005DD9F2 /* Release */ = {
			isa = XCBuildConfiguration;
			buildSettings = {
				ALWAYS_SEARCH_USER_PATHS = NO;
				CLANG_ANALYZER_NONNULL = YES;
				CLANG_ANALYZER_NUMBER_OBJECT_CONVERSION = YES_AGGRESSIVE;
				CLANG_CXX_LANGUAGE_STANDARD = "gnu++14";
				CLANG_CXX_LIBRARY = "libc++";
				CLANG_ENABLE_MODULES = YES;
				CLANG_ENABLE_OBJC_ARC = YES;
				CLANG_ENABLE_OBJC_WEAK = YES;
				CLANG_WARN_BLOCK_CAPTURE_AUTORELEASING = YES;
				CLANG_WARN_BOOL_CONVERSION = YES;
				CLANG_WARN_COMMA = YES;
				CLANG_WARN_CONSTANT_CONVERSION = YES;
				CLANG_WARN_DEPRECATED_OBJC_IMPLEMENTATIONS = YES;
				CLANG_WARN_DIRECT_OBJC_ISA_USAGE = YES_ERROR;
				CLANG_WARN_DOCUMENTATION_COMMENTS = YES;
				CLANG_WARN_EMPTY_BODY = YES;
				CLANG_WARN_ENUM_CONVERSION = YES;
				CLANG_WARN_INFINITE_RECURSION = YES;
				CLANG_WARN_INT_CONVERSION = YES;
				CLANG_WARN_NON_LITERAL_NULL_CONVERSION = YES;
				CLANG_WARN_OBJC_IMPLICIT_RETAIN_SELF = YES;
				CLANG_WARN_OBJC_LITERAL_CONVERSION = YES;
				CLANG_WARN_OBJC_ROOT_CLASS = YES_ERROR;
				CLANG_WARN_RANGE_LOOP_ANALYSIS = YES;
				CLANG_WARN_STRICT_PROTOTYPES = YES;
				CLANG_WARN_SUSPICIOUS_MOVE = YES;
				CLANG_WARN_UNGUARDED_AVAILABILITY = YES_AGGRESSIVE;
				CLANG_WARN_UNREACHABLE_CODE = YES;
				CLANG_WARN__DUPLICATE_METHOD_MATCH = YES;
				CODE_SIGN_IDENTITY = "iPhone Developer";
				COPY_PHASE_STRIP = NO;
				DEBUG_INFORMATION_FORMAT = "dwarf-with-dsym";
				ENABLE_NS_ASSERTIONS = NO;
				ENABLE_STRICT_OBJC_MSGSEND = YES;
				GCC_C_LANGUAGE_STANDARD = gnu11;
				GCC_NO_COMMON_BLOCKS = YES;
				GCC_WARN_64_TO_32_BIT_CONVERSION = YES;
				GCC_WARN_ABOUT_RETURN_TYPE = YES_ERROR;
				GCC_WARN_UNDECLARED_SELECTOR = YES;
				GCC_WARN_UNINITIALIZED_AUTOS = YES_AGGRESSIVE;
				GCC_WARN_UNUSED_FUNCTION = YES;
				GCC_WARN_UNUSED_VARIABLE = YES;
				IPHONEOS_DEPLOYMENT_TARGET = 11.4;
				MTL_ENABLE_DEBUG_INFO = NO;
				SDKROOT = iphoneos;
				SWIFT_COMPILATION_MODE = wholemodule;
				SWIFT_OPTIMIZATION_LEVEL = "-O";
				VALIDATE_PRODUCT = YES;
			};
			name = Release;
		};
		04C8F9B1210956E8005DD9F2 /* Debug */ = {
			isa = XCBuildConfiguration;
			baseConfigurationReference = A3A1C1371CC6964AB39A6FCB /* Pods-FoodyPOS.debug.xcconfig */;
			buildSettings = {
				ASSETCATALOG_COMPILER_APPICON_NAME = AppIcon;
				ASSETCATALOG_COMPILER_LAUNCHIMAGE_NAME = LaunchImage;
				CODE_SIGN_ENTITLEMENTS = FoodyPOS/FoodyPOS.entitlements;
				CODE_SIGN_IDENTITY = "iPhone Developer";
				CODE_SIGN_STYLE = Automatic;
				DEVELOPMENT_TEAM = K8UU8WZKUP;
				FRAMEWORK_SEARCH_PATHS = (
					"$(inherited)",
					"$(PROJECT_DIR)",
				);
				INFOPLIST_FILE = "$(SRCROOT)/FoodyPOS/Resources/Info.plist";
				IPHONEOS_DEPLOYMENT_TARGET = 9.0;
				LD_RUNPATH_SEARCH_PATHS = (
					"$(inherited)",
					"@executable_path/Frameworks",
				);
				PRODUCT_BUNDLE_IDENTIFIER = com.convalida.FoodyPOS;
				PRODUCT_NAME = "$(TARGET_NAME)";
				PROVISIONING_PROFILE_SPECIFIER = "";
				SWIFT_OBJC_BRIDGING_HEADER = "FoodyPOS/Helper/FoodyPOS-Bridging-Header.h";
				SWIFT_VERSION = 4.0;
				TARGETED_DEVICE_FAMILY = "1,2";
			};
			name = Debug;
		};
		04C8F9B2210956E8005DD9F2 /* Release */ = {
			isa = XCBuildConfiguration;
			baseConfigurationReference = 3D57576C31D07EA21C502FC8 /* Pods-FoodyPOS.release.xcconfig */;
			buildSettings = {
				ASSETCATALOG_COMPILER_APPICON_NAME = AppIcon;
				ASSETCATALOG_COMPILER_LAUNCHIMAGE_NAME = LaunchImage;
				CODE_SIGN_ENTITLEMENTS = FoodyPOS/FoodyPOS.entitlements;
				CODE_SIGN_IDENTITY = "iPhone Developer";
				CODE_SIGN_STYLE = Automatic;
				DEVELOPMENT_TEAM = K8UU8WZKUP;
				FRAMEWORK_SEARCH_PATHS = (
					"$(inherited)",
					"$(PROJECT_DIR)",
				);
				INFOPLIST_FILE = "$(SRCROOT)/FoodyPOS/Resources/Info.plist";
				IPHONEOS_DEPLOYMENT_TARGET = 9.0;
				LD_RUNPATH_SEARCH_PATHS = (
					"$(inherited)",
					"@executable_path/Frameworks",
				);
				PRODUCT_BUNDLE_IDENTIFIER = com.convalida.FoodyPOS;
				PRODUCT_NAME = "$(TARGET_NAME)";
				PROVISIONING_PROFILE_SPECIFIER = "";
				SWIFT_OBJC_BRIDGING_HEADER = "FoodyPOS/Helper/FoodyPOS-Bridging-Header.h";
				SWIFT_VERSION = 4.0;
				TARGETED_DEVICE_FAMILY = "1,2";
			};
			name = Release;
		};
		04C8F9B4210956E8005DD9F2 /* Debug */ = {
			isa = XCBuildConfiguration;
			baseConfigurationReference = A2D4AAC451D2F02A93BEBB90 /* Pods-FoodyPOSTests.debug.xcconfig */;
			buildSettings = {
				ALWAYS_EMBED_SWIFT_STANDARD_LIBRARIES = YES;
				BUNDLE_LOADER = "$(TEST_HOST)";
				CODE_SIGN_STYLE = Automatic;
				DEVELOPMENT_TEAM = V5TAAW86C9;
				INFOPLIST_FILE = FoodyPOSTests/Info.plist;
				LD_RUNPATH_SEARCH_PATHS = (
					"$(inherited)",
					"@executable_path/Frameworks",
					"@loader_path/Frameworks",
				);
				PRODUCT_BUNDLE_IDENTIFIER = tutist.FoodyPOSTests;
				PRODUCT_NAME = "$(TARGET_NAME)";
				SWIFT_VERSION = 4.0;
				TARGETED_DEVICE_FAMILY = "1,2";
				TEST_HOST = "$(BUILT_PRODUCTS_DIR)/FoodyPOS.app/FoodyPOS";
			};
			name = Debug;
		};
		04C8F9B5210956E8005DD9F2 /* Release */ = {
			isa = XCBuildConfiguration;
			baseConfigurationReference = 3C405037B661A41201135CCA /* Pods-FoodyPOSTests.release.xcconfig */;
			buildSettings = {
				ALWAYS_EMBED_SWIFT_STANDARD_LIBRARIES = YES;
				BUNDLE_LOADER = "$(TEST_HOST)";
				CODE_SIGN_STYLE = Automatic;
				DEVELOPMENT_TEAM = V5TAAW86C9;
				INFOPLIST_FILE = FoodyPOSTests/Info.plist;
				LD_RUNPATH_SEARCH_PATHS = (
					"$(inherited)",
					"@executable_path/Frameworks",
					"@loader_path/Frameworks",
				);
				PRODUCT_BUNDLE_IDENTIFIER = tutist.FoodyPOSTests;
				PRODUCT_NAME = "$(TARGET_NAME)";
				SWIFT_VERSION = 4.0;
				TARGETED_DEVICE_FAMILY = "1,2";
				TEST_HOST = "$(BUILT_PRODUCTS_DIR)/FoodyPOS.app/FoodyPOS";
			};
			name = Release;
		};
		04C8F9B7210956E8005DD9F2 /* Debug */ = {
			isa = XCBuildConfiguration;
			baseConfigurationReference = 0DEA7D69013C977555AC4510 /* Pods-FoodyPOSUITests.debug.xcconfig */;
			buildSettings = {
				ALWAYS_EMBED_SWIFT_STANDARD_LIBRARIES = YES;
				CODE_SIGN_STYLE = Automatic;
				DEVELOPMENT_TEAM = V5TAAW86C9;
				INFOPLIST_FILE = FoodyPOSUITests/Info.plist;
				LD_RUNPATH_SEARCH_PATHS = (
					"$(inherited)",
					"@executable_path/Frameworks",
					"@loader_path/Frameworks",
				);
				PRODUCT_BUNDLE_IDENTIFIER = tutist.FoodyPOSUITests;
				PRODUCT_NAME = "$(TARGET_NAME)";
				SWIFT_VERSION = 4.0;
				TARGETED_DEVICE_FAMILY = "1,2";
				TEST_TARGET_NAME = FoodyPOS;
			};
			name = Debug;
		};
		04C8F9B8210956E8005DD9F2 /* Release */ = {
			isa = XCBuildConfiguration;
			baseConfigurationReference = F57BA99BE21094B31188D562 /* Pods-FoodyPOSUITests.release.xcconfig */;
			buildSettings = {
				ALWAYS_EMBED_SWIFT_STANDARD_LIBRARIES = YES;
				CODE_SIGN_STYLE = Automatic;
				DEVELOPMENT_TEAM = V5TAAW86C9;
				INFOPLIST_FILE = FoodyPOSUITests/Info.plist;
				LD_RUNPATH_SEARCH_PATHS = (
					"$(inherited)",
					"@executable_path/Frameworks",
					"@loader_path/Frameworks",
				);
				PRODUCT_BUNDLE_IDENTIFIER = tutist.FoodyPOSUITests;
				PRODUCT_NAME = "$(TARGET_NAME)";
				SWIFT_VERSION = 4.0;
				TARGETED_DEVICE_FAMILY = "1,2";
				TEST_TARGET_NAME = FoodyPOS;
			};
			name = Release;
		};
/* End XCBuildConfiguration section */

/* Begin XCConfigurationList section */
		04C8F983210956E6005DD9F2 /* Build configuration list for PBXProject "FoodyPOS" */ = {
			isa = XCConfigurationList;
			buildConfigurations = (
				04C8F9AE210956E8005DD9F2 /* Debug */,
				04C8F9AF210956E8005DD9F2 /* Release */,
			);
			defaultConfigurationIsVisible = 0;
			defaultConfigurationName = Release;
		};
		04C8F9B0210956E8005DD9F2 /* Build configuration list for PBXNativeTarget "FoodyPOS" */ = {
			isa = XCConfigurationList;
			buildConfigurations = (
				04C8F9B1210956E8005DD9F2 /* Debug */,
				04C8F9B2210956E8005DD9F2 /* Release */,
			);
			defaultConfigurationIsVisible = 0;
			defaultConfigurationName = Release;
		};
		04C8F9B3210956E8005DD9F2 /* Build configuration list for PBXNativeTarget "FoodyPOSTests" */ = {
			isa = XCConfigurationList;
			buildConfigurations = (
				04C8F9B4210956E8005DD9F2 /* Debug */,
				04C8F9B5210956E8005DD9F2 /* Release */,
			);
			defaultConfigurationIsVisible = 0;
			defaultConfigurationName = Release;
		};
		04C8F9B6210956E8005DD9F2 /* Build configuration list for PBXNativeTarget "FoodyPOSUITests" */ = {
			isa = XCConfigurationList;
			buildConfigurations = (
				04C8F9B7210956E8005DD9F2 /* Debug */,
				04C8F9B8210956E8005DD9F2 /* Release */,
			);
			defaultConfigurationIsVisible = 0;
			defaultConfigurationName = Release;
		};
/* End XCConfigurationList section */
	};
	rootObject = 04C8F980210956E6005DD9F2 /* Project object */;
}
